// !$*UTF8*$!
{
	archiveVersion = 1;
	classes = {
	};
	objectVersion = 56;
	objects = {

/* Begin PBXBuildFile section */
		00162992377780D5DE3995BD /* UpcomingNightsGridViewModel.swift in Sources */ = {isa = PBXBuildFile; fileRef = AA0000000000000000003F03 /* UpcomingNightsGridViewModel.swift */; };
		05B006658CE59CC2B7E60657 /* FavoriteLocation.swift in Sources */ = {isa = PBXBuildFile; fileRef = 0A5FD175A6FD4FA2071B5F37 /* FavoriteLocation.swift */; };
		0C21A9833046DD44B1100A01 /* ComparisonMatrix.swift in Sources */ = {isa = PBXBuildFile; fileRef = 0C21A9833046DD44B1100A11 /* ComparisonMatrix.swift */; };
		0C21A9833046DD44B1100A02 /* ComparisonController.swift in Sources */ = {isa = PBXBuildFile; fileRef = 0C21A9833046DD44B1100A12 /* ComparisonController.swift */; };
		0C21A9833046DD44B1100A03 /* ComparisonControllerTests.swift in Sources */ = {isa = PBXBuildFile; fileRef = 0C21A9833046DD44B1100A13 /* ComparisonControllerTests.swift */; };
		14E29A763046C8DBB1100A01 /* ObservationMode.swift in Sources */ = {isa = PBXBuildFile; fileRef = 14E29A763046C8DBB1100A11 /* ObservationMode.swift */; };
		14E29A763046C8DBB1100A02 /* StarGazingIndex+Mode.swift in Sources */ = {isa = PBXBuildFile; fileRef = 14E29A763046C8DBB1100A12 /* StarGazingIndex+Mode.swift */; };
		12716A5CFA05D4A9733EB7C0 /* iOSForecastView.swift in Sources */ = {isa = PBXBuildFile; fileRef = 6FE64AD88B8F4595D25E01FF /* iOSForecastView.swift */; };
		1A2B3C4D5E6F708192A3B4C5 /* iOSStarMapSupport.swift in Sources */ = {isa = PBXBuildFile; fileRef = 1A2B3C4D5E6F708192A3B4C4 /* iOSStarMapSupport.swift */; };
		29624CDBDF973E033D5A20FC /* iOSMapView.swift in Sources */ = {isa = PBXBuildFile; fileRef = D0E51B35725701CA2DB51488 /* iOSMapView.swift */; };
		2F634825E4145753F51108E9 /* DetailViewModel.swift in Sources */ = {isa = PBXBuildFile; fileRef = AA0000000000000000003F01 /* DetailViewModel.swift */; };
		477B2E3CB5355CA1BA5757D3 /* ViewingWindowsSection.swift in Sources */ = {isa = PBXBuildFile; fileRef = AA0000000000000000002F16 /* ViewingWindowsSection.swift */; };
		4F871C5177B328F9DFC5EEAA /* FavoriteLocationStore.swift in Sources */ = {isa = PBXBuildFile; fileRef = 2FA0C4060B1252A05AA86C03 /* FavoriteLocationStore.swift */; };
		DDB100000000000000002011 /* DashboardSearchController.swift in Sources */ = {isa = PBXBuildFile; fileRef = DDB100000000000000002013 /* DashboardSearchController.swift */; };
		54A5C1BEDE1E30CC826A7F87 /* SettingsView.swift in Sources */ = {isa = PBXBuildFile; fileRef = 6C18B76F2F791309007949F3 /* SettingsView.swift */; };
		6444E5ACCDE32CC8CFC28AF6 /* MapTileOverlay.swift in Sources */ = {isa = PBXBuildFile; fileRef = 6CD4ED0E2F83B99000ECC17B /* MapTileOverlay.swift */; };
		6C1674E82F8E7B7500AF040A /* ObservationTimeZone.swift in Sources */ = {isa = PBXBuildFile; fileRef = 6C1674E72F8E7B7500AF040A /* ObservationTimeZone.swift */; };
		6C1674E92F8E7B7500AF040A /* ObservationTimeZone.swift in Sources */ = {isa = PBXBuildFile; fileRef = 6C1674E72F8E7B7500AF040A /* ObservationTimeZone.swift */; };
		6C18B7702F791309007949F3 /* SettingsView.swift in Sources */ = {isa = PBXBuildFile; fileRef = 6C18B76F2F791309007949F3 /* SettingsView.swift */; };
		6CD4ED0F2F83B99000ECC17B /* MapTileOverlay.swift in Sources */ = {isa = PBXBuildFile; fileRef = 6CD4ED0E2F83B99000ECC17B /* MapTileOverlay.swift */; };
		6CFBFDEB2F78B7080018A9E5 /* NightScope.icon in Resources */ = {isa = PBXBuildFile; fileRef = 6CFBFDEA2F78B7080018A9E5 /* NightScope.icon */; };
		6D4A1F7B2E9C4100A1B2C3D4 /* PrivacyInfo.xcprivacy in Resources */ = {isa = PBXBuildFile; fileRef = 6D4A1F7B2E9C4100A1B2C3D3 /* PrivacyInfo.xcprivacy */; };
		6D4A1F7B2E9C4100A1B2C3D5 /* PrivacyInfo.xcprivacy in Resources */ = {isa = PBXBuildFile; fileRef = 6D4A1F7B2E9C4100A1B2C3D3 /* PrivacyInfo.xcprivacy */; };
		6D8978B603E8F74BD3DF79C9 /* DarkTimeCardViewModel.swift in Sources */ = {isa = PBXBuildFile; fileRef = AA0000000000000000003F06 /* DarkTimeCardViewModel.swift */; };
		6ECB4F746F4502FCE2C97515 /* DarkTimeCard.swift in Sources */ = {isa = PBXBuildFile; fileRef = AA0000000000000000002F20 /* DarkTimeCard.swift */; };
		6FC7FC5F38B1C25572A8CC78 /* SidebarViewModel.swift in Sources */ = {isa = PBXBuildFile; fileRef = AA0000000000000000003F02 /* SidebarViewModel.swift */; };
		7084008268A492409EA18561 /* MilkyWayCalculator.swift in Sources */ = {isa = PBXBuildFile; fileRef = AA0000000000000000001F03 /* MilkyWayCalculator.swift */; };
		AA0000000000000000004B01 /* AstroPhotoCalculator.swift in Sources */ = {isa = PBXBuildFile; fileRef = AA0000000000000000004F12 /* AstroPhotoCalculator.swift */; };
		AA0000000000000000004B02 /* AstroPhotoCalculator.swift in Sources */ = {isa = PBXBuildFile; fileRef = AA0000000000000000004F12 /* AstroPhotoCalculator.swift */; };
		AA0000000000000000004B03 /* AstroPhotoSettings.swift in Sources */ = {isa = PBXBuildFile; fileRef = AA0000000000000000004F11 /* AstroPhotoSettings.swift */; };
		AA0000000000000000004B04 /* AstroPhotoSettings.swift in Sources */ = {isa = PBXBuildFile; fileRef = AA0000000000000000004F11 /* AstroPhotoSettings.swift */; };
		AA0000000000000000004B05 /* AstroPhotoCalculatorViewModel.swift in Sources */ = {isa = PBXBuildFile; fileRef = AA0000000000000000004F13 /* AstroPhotoCalculatorViewModel.swift */; };
		AA0000000000000000004B06 /* AstroPhotoCalculatorViewModel.swift in Sources */ = {isa = PBXBuildFile; fileRef = AA0000000000000000004F13 /* AstroPhotoCalculatorViewModel.swift */; };
		AA0000000000000000004B07 /* AstroPhotoCalculatorView.swift in Sources */ = {isa = PBXBuildFile; fileRef = AA0000000000000000004F14 /* AstroPhotoCalculatorView.swift */; };
		AA0000000000000000004B08 /* AstroPhotoCalculatorView.swift in Sources */ = {isa = PBXBuildFile; fileRef = AA0000000000000000004F14 /* AstroPhotoCalculatorView.swift */; };
		726077AD15C19C005AB769DB /* AstroModels.swift in Sources */ = {isa = PBXBuildFile; fileRef = AA0000000000000000002F01 /* AstroModels.swift */; };
		78BC796E939B65C3054D3651 /* FavoriteLocation.swift in Sources */ = {isa = PBXBuildFile; fileRef = 0A5FD175A6FD4FA2071B5F37 /* FavoriteLocation.swift */; };
		78F344DDA7638AEE2C53BABF /* UIConstants.swift in Sources */ = {isa = PBXBuildFile; fileRef = AA0000000000000000002F19 /* UIConstants.swift */; };
		7BA722D255FEC71D78109ED2 /* WeatherModels.swift in Sources */ = {isa = PBXBuildFile; fileRef = AA0000000000000000002F02 /* WeatherModels.swift */; };
		7E100000000000000000IC01 /* NightScope.icon in Resources */ = {isa = PBXBuildFile; fileRef = 6CFBFDEA2F78B7080018A9E5 /* NightScope.icon */; };
		824FD5CAFE4F9BD597800662 /* Assets.xcassets in Resources */ = {isa = PBXBuildFile; fileRef = 816BFE2E87B5441281342EF9 /* Assets.xcassets */; };
		8386FEB6D2C20C41B5B5B4F8 /* AppController.swift in Sources */ = {isa = PBXBuildFile; fileRef = AA0000000000000000002F04 /* AppController.swift */; };
		8A2E00716A7CF7F2FBDBA8C9 /* StarGazingIndex.swift in Sources */ = {isa = PBXBuildFile; fileRef = AA0000000000000000002F03 /* StarGazingIndex.swift */; };
		91F8C0F8D6AA500B2E697662 /* iOSTodayView.swift in Sources */ = {isa = PBXBuildFile; fileRef = 3C88010FC1657FBB75579A3E /* iOSTodayView.swift */; };
		983D7E6CD2271870DD1E8E6D /* StarGazingIndexCard.swift in Sources */ = {isa = PBXBuildFile; fileRef = AA0000000000000000002F13 /* StarGazingIndexCard.swift */; };
		A0F100000000000000000002 /* Localization.swift in Sources */ = {isa = PBXBuildFile; fileRef = A0F100000000000000000001 /* Localization.swift */; };
		A0F100000000000000000003 /* Localization.swift in Sources */ = {isa = PBXBuildFile; fileRef = A0F100000000000000000001 /* Localization.swift */; };
		A0F100000000000000000005 /* Localizable.xcstrings in Resources */ = {isa = PBXBuildFile; fileRef = A0F100000000000000000004 /* Localizable.xcstrings */; };
		A0F100000000000000000006 /* Localizable.xcstrings in Resources */ = {isa = PBXBuildFile; fileRef = A0F100000000000000000004 /* Localizable.xcstrings */; };
		A1B2C3D4E5F60718293A4B01 /* GeoStateValidator.swift in Sources */ = {isa = PBXBuildFile; fileRef = A1B2C3D4E5F60718293A4B0F /* GeoStateValidator.swift */; };
		A1B2C3D4E5F60718293A4B02 /* GeoStateValidator.swift in Sources */ = {isa = PBXBuildFile; fileRef = A1B2C3D4E5F60718293A4B0F /* GeoStateValidator.swift */; };
		A2A2D85F57CA69E8B6B666EB /* ViewingWindowsSectionViewModel.swift in Sources */ = {isa = PBXBuildFile; fileRef = AA0000000000000000003F07 /* ViewingWindowsSectionViewModel.swift */; };
		AA0000000000000000001B01 /* NightScopeApp.swift in Sources */ = {isa = PBXBuildFile; fileRef = AA0000000000000000001F01 /* NightScopeApp.swift */; };
		AA0000000000000000001B03 /* MilkyWayCalculator.swift in Sources */ = {isa = PBXBuildFile; fileRef = AA0000000000000000001F03 /* MilkyWayCalculator.swift */; };
		AA0000000000000000001B05 /* Assets.xcassets in Resources */ = {isa = PBXBuildFile; fileRef = AA0000000000000000001F05 /* Assets.xcassets */; };
		AA0000000000000000002B01 /* AstroModels.swift in Sources */ = {isa = PBXBuildFile; fileRef = AA0000000000000000002F01 /* AstroModels.swift */; };
		AA0000000000000000002B02 /* WeatherModels.swift in Sources */ = {isa = PBXBuildFile; fileRef = AA0000000000000000002F02 /* WeatherModels.swift */; };
		AA0000000000000000002B03 /* StarGazingIndex.swift in Sources */ = {isa = PBXBuildFile; fileRef = AA0000000000000000002F03 /* StarGazingIndex.swift */; };
		AA9B7CDA3046C922B1100A01 /* ObservationMode.swift in Sources */ = {isa = PBXBuildFile; fileRef = 14E29A763046C8DBB1100A11 /* ObservationMode.swift */; };
		AA9B7CDA3046C922B1100A02 /* StarGazingIndex+Mode.swift in Sources */ = {isa = PBXBuildFile; fileRef = 14E29A763046C8DBB1100A12 /* StarGazingIndex+Mode.swift */; };
		AA0000000000000000002B04 /* AppController.swift in Sources */ = {isa = PBXBuildFile; fileRef = AA0000000000000000002F04 /* AppController.swift */; };
		AA0000000000000000002B05 /* LocationController.swift in Sources */ = {isa = PBXBuildFile; fileRef = AA0000000000000000002F05 /* LocationController.swift */; };
		AA0000000000000000002B07 /* ContentView.swift in Sources */ = {isa = PBXBuildFile; fileRef = AA0000000000000000002F07 /* ContentView.swift */; };
		AA0000000000000000002B08 /* SidebarView.swift in Sources */ = {isa = PBXBuildFile; fileRef = AA0000000000000000002F08 /* SidebarView.swift */; };
		AA0000000000000000002B09 /* DetailView.swift in Sources */ = {isa = PBXBuildFile; fileRef = AA0000000000000000002F09 /* DetailView.swift */; };
		AA0000000000000000002B10 /* CalendarView.swift in Sources */ = {isa = PBXBuildFile; fileRef = AA0000000000000000002F10 /* CalendarView.swift */; };
		AA0000000000000000002B11 /* MapLocationPicker.swift in Sources */ = {isa = PBXBuildFile; fileRef = AA0000000000000000002F11 /* MapLocationPicker.swift */; };
		AA0000000000000000002B12 /* LightPollutionService.swift in Sources */ = {isa = PBXBuildFile; fileRef = AA0000000000000000002F12 /* LightPollutionService.swift */; };
		AA0000000000000000002B13 /* StarGazingIndexCard.swift in Sources */ = {isa = PBXBuildFile; fileRef = AA0000000000000000002F13 /* StarGazingIndexCard.swift */; };
		AA0000000000000000002B14 /* MoonPhaseCard.swift in Sources */ = {isa = PBXBuildFile; fileRef = AA0000000000000000002F14 /* MoonPhaseCard.swift */; };
		AA0000000000000000002B15 /* WeatherCard.swift in Sources */ = {isa = PBXBuildFile; fileRef = AA0000000000000000002F15 /* WeatherCard.swift */; };
		AA0000000000000000002B16 /* ViewingWindowsSection.swift in Sources */ = {isa = PBXBuildFile; fileRef = AA0000000000000000002F16 /* ViewingWindowsSection.swift */; };
		AA0000000000000000002B17 /* UpcomingNightsGrid.swift in Sources */ = {isa = PBXBuildFile; fileRef = AA0000000000000000002F17 /* UpcomingNightsGrid.swift */; };
		AA0000000000000000002B18 /* NightCalculationService.swift in Sources */ = {isa = PBXBuildFile; fileRef = AA0000000000000000002F18 /* NightCalculationService.swift */; };
		AA0000000000000000002B19 /* UIConstants.swift in Sources */ = {isa = PBXBuildFile; fileRef = AA0000000000000000002F19 /* UIConstants.swift */; };
		AA0000000000000000002B20 /* DarkTimeCard.swift in Sources */ = {isa = PBXBuildFile; fileRef = AA0000000000000000002F20 /* DarkTimeCard.swift */; };
		AA0000000000000000002B21 /* TerrainProfile.swift in Sources */ = {isa = PBXBuildFile; fileRef = AA0000000000000000002F21 /* TerrainProfile.swift */; };
		AA0000000000000000002B22 /* TerrainService.swift in Sources */ = {isa = PBXBuildFile; fileRef = AA0000000000000000002F22 /* TerrainService.swift */; };
		AA0000000000000000002B26 /* AppRootDependencies.swift in Sources */ = {isa = PBXBuildFile; fileRef = AA0000000000000000002F26 /* AppRootDependencies.swift */; };
		AA0000000000000000002B27 /* WeatherServiceSupport.swift in Sources */ = {isa = PBXBuildFile; fileRef = AA0000000000000000002F27 /* WeatherServiceSupport.swift */; };
		AA0000000000000000002B29 /* LocationControllerSupport.swift in Sources */ = {isa = PBXBuildFile; fileRef = AA0000000000000000002F28 /* LocationControllerSupport.swift */; };
		AA0000000000000000003B01 /* DetailViewModel.swift in Sources */ = {isa = PBXBuildFile; fileRef = AA0000000000000000003F01 /* DetailViewModel.swift */; };
		AA0000000000000000003B02 /* SidebarViewModel.swift in Sources */ = {isa = PBXBuildFile; fileRef = AA0000000000000000003F02 /* SidebarViewModel.swift */; };
		AA0000000000000000003B03 /* UpcomingNightsGridViewModel.swift in Sources */ = {isa = PBXBuildFile; fileRef = AA0000000000000000003F03 /* UpcomingNightsGridViewModel.swift */; };
		AA0000000000000000003B04 /* StarGazingIndexCardViewModel.swift in Sources */ = {isa = PBXBuildFile; fileRef = AA0000000000000000003F04 /* StarGazingIndexCardViewModel.swift */; };
		AA0000000000000000003B05 /* NightWeatherCardViewModel.swift in Sources */ = {isa = PBXBuildFile; fileRef = AA0000000000000000003F05 /* NightWeatherCardViewModel.swift */; };
		AA0000000000000000003B06 /* DarkTimeCardViewModel.swift in Sources */ = {isa = PBXBuildFile; fileRef = AA0000000000000000003F06 /* DarkTimeCardViewModel.swift */; };
		AA0000000000000000003B07 /* ViewingWindowsSectionViewModel.swift in Sources */ = {isa = PBXBuildFile; fileRef = AA0000000000000000003F07 /* ViewingWindowsSectionViewModel.swift */; };
		AA0000000000000000003B09 /* AppRootDependencies.swift in Sources */ = {isa = PBXBuildFile; fileRef = AA0000000000000000002F26 /* AppRootDependencies.swift */; };
		AA0000000000000000003B10 /* WeatherServiceSupport.swift in Sources */ = {isa = PBXBuildFile; fileRef = AA0000000000000000002F27 /* WeatherServiceSupport.swift */; };
		AA000000000000000000TB01 /* MilkyWayCalculatorTests.swift in Sources */ = {isa = PBXBuildFile; fileRef = AA000000000000000000TF01 /* MilkyWayCalculatorTests.swift */; };
		AA000000000000000000TB02 /* StarGazingIndexTests.swift in Sources */ = {isa = PBXBuildFile; fileRef = AA000000000000000000TF02 /* StarGazingIndexTests.swift */; };
		AA000000000000000000TB03 /* WeatherServiceTests.swift in Sources */ = {isa = PBXBuildFile; fileRef = AA000000000000000000TF03 /* WeatherServiceTests.swift */; };
		AA000000000000000000TB04 /* AppControllerTests.swift in Sources */ = {isa = PBXBuildFile; fileRef = AA000000000000000000TF04 /* AppControllerTests.swift */; };
		AA000000000000000000TB05 /* AstroModelsTests.swift in Sources */ = {isa = PBXBuildFile; fileRef = AA000000000000000000TF05 /* AstroModelsTests.swift */; };
		AA000000000000000000TB06 /* ViewModelTestSupport.swift in Sources */ = {isa = PBXBuildFile; fileRef = AA000000000000000000TF06 /* ViewModelTestSupport.swift */; };
		AA000000000000000000TB07 /* StarMapViewModelTests.swift in Sources */ = {isa = PBXBuildFile; fileRef = AA000000000000000000TF07 /* StarMapViewModelTests.swift */; };
		AA000000000000000000TB08 /* LocationControllerTests.swift in Sources */ = {isa = PBXBuildFile; fileRef = AA000000000000000000TF08 /* LocationControllerTests.swift */; };
		AA000000000000000000TB10 /* SidebarViewModelTests.swift in Sources */ = {isa = PBXBuildFile; fileRef = AA000000000000000000TF10 /* SidebarViewModelTests.swift */; };
		AA000000000000000000TB11 /* MapKitSharedLogicTests.swift in Sources */ = {isa = PBXBuildFile; fileRef = AA000000000000000000TF11 /* MapKitSharedLogicTests.swift */; };
		AA000000000000000000TB12 /* DetailPresentationViewModelTests.swift in Sources */ = {isa = PBXBuildFile; fileRef = AA000000000000000000TF12 /* DetailPresentationViewModelTests.swift */; };
		AA000000000000000000TB13 /* UpcomingNightsGridViewModelTests.swift in Sources */ = {isa = PBXBuildFile; fileRef = AA000000000000000000TF13 /* UpcomingNightsGridViewModelTests.swift */; };
		AA000000000000000000TB14 /* SearchResultsLayoutTests.swift in Sources */ = {isa = PBXBuildFile; fileRef = AA000000000000000000TF14 /* SearchResultsLayoutTests.swift */; };
		AA000000000000000000TB15 /* CalendarViewTests.swift in Sources */ = {isa = PBXBuildFile; fileRef = AA000000000000000000TF15 /* CalendarViewTests.swift */; };
		AA000000000000000000TB16 /* AstroPhotoCalculatorTests.swift in Sources */ = {isa = PBXBuildFile; fileRef = AA000000000000000000TF16 /* AstroPhotoCalculatorTests.swift */; };
		AEF100000000000000000011 /* WeatherKitService.swift in Sources */ = {isa = PBXBuildFile; fileRef = AEF100000000000000000001 /* WeatherKitService.swift */; };
		AEF100000000000000000012 /* WeatherKitServiceSupport.swift in Sources */ = {isa = PBXBuildFile; fileRef = AEF100000000000000000002 /* WeatherKitServiceSupport.swift */; };
		AEF100000000000000000021 /* WeatherKitService.swift in Sources */ = {isa = PBXBuildFile; fileRef = AEF100000000000000000001 /* WeatherKitService.swift */; };
		AEF100000000000000000022 /* WeatherKitServiceSupport.swift in Sources */ = {isa = PBXBuildFile; fileRef = AEF100000000000000000002 /* WeatherKitServiceSupport.swift */; };
		B66ECDD7AD401F013891BF8E /* StarGazingIndexCardViewModel.swift in Sources */ = {isa = PBXBuildFile; fileRef = AA0000000000000000003F04 /* StarGazingIndexCardViewModel.swift */; };
		BB0000000000000000002B21 /* StarCatalog.swift in Sources */ = {isa = PBXBuildFile; fileRef = BB0000000000000000002F21 /* StarCatalog.swift */; };
		BB0000000000000000002B22 /* StarMapCanvasView.swift in Sources */ = {isa = PBXBuildFile; fileRef = BB0000000000000000002F22 /* StarMapCanvasView.swift */; };
		BB0000000000000000002B23 /* ConstellationData.swift in Sources */ = {isa = PBXBuildFile; fileRef = BB0000000000000000002F23 /* ConstellationData.swift */; };
		BB0000000000000000002B24 /* StarInfoMacView.swift in Sources */ = {isa = PBXBuildFile; fileRef = BB0000000000000000002F24 /* StarInfoMacView.swift */; };
		BB0000000000000000002B25 /* MeteorShowerData.swift in Sources */ = {isa = PBXBuildFile; fileRef = BB0000000000000000002F25 /* MeteorShowerData.swift */; };
		BB0000000000000000002B28 /* StarMapPresentation.swift in Sources */ = {isa = PBXBuildFile; fileRef = BB0000000000000000003F09 /* StarMapPresentation.swift */; };
		BB0000000000000000002B2A /* StarDisplayDensity.swift in Sources */ = {isa = PBXBuildFile; fileRef = BB0000000000000000003F0A /* StarDisplayDensity.swift */; };
		BB0000000000000000002B30 /* StarMapDateLogic.swift in Sources */ = {isa = PBXBuildFile; fileRef = BB0000000000000000003F0B /* StarMapDateLogic.swift */; };
		BB0000000000000000002B31 /* StarMapComputation.swift in Sources */ = {isa = PBXBuildFile; fileRef = BB0000000000000000003F0C /* StarMapComputation.swift */; };
		BB0000000000000000002B32 /* StarMapCanvasOverlays.swift in Sources */ = {isa = PBXBuildFile; fileRef = BB0000000000000000002F29 /* StarMapCanvasOverlays.swift */; };
		BB0000000000000000003B01 /* stars_fill.json in Resources */ = {isa = PBXBuildFile; fileRef = BB0000000000000000003F01 /* stars_fill.json */; };
		BB0000000000000000003B02 /* stars_fill.json in Resources */ = {isa = PBXBuildFile; fileRef = BB0000000000000000003F01 /* stars_fill.json */; };
		BB0000000000000000003B03 /* bortle_map.bin in Resources */ = {isa = PBXBuildFile; fileRef = BB0000000000000000003F02 /* bortle_map.bin */; };
		BB0000000000000000003B04 /* bortle_map.bin in Resources */ = {isa = PBXBuildFile; fileRef = BB0000000000000000003F02 /* bortle_map.bin */; };
		BB0000000000000000003B08 /* StarMapViewModel.swift in Sources */ = {isa = PBXBuildFile; fileRef = BB0000000000000000003F08 /* StarMapViewModel.swift */; };
		BB0000000000000000005B01 /* StarCatalog.swift in Sources */ = {isa = PBXBuildFile; fileRef = BB0000000000000000002F21 /* StarCatalog.swift */; };
		BB0000000000000000005B02 /* StarMapViewModel.swift in Sources */ = {isa = PBXBuildFile; fileRef = BB0000000000000000003F08 /* StarMapViewModel.swift */; };
		BB0000000000000000005B03 /* StarMapCanvasView.swift in Sources */ = {isa = PBXBuildFile; fileRef = BB0000000000000000002F22 /* StarMapCanvasView.swift */; };
		BB0000000000000000005B04 /* iOSStarMapView.swift in Sources */ = {isa = PBXBuildFile; fileRef = BB0000000000000000004F01 /* iOSStarMapView.swift */; };
		BB0000000000000000005B05 /* ConstellationData.swift in Sources */ = {isa = PBXBuildFile; fileRef = BB0000000000000000002F23 /* ConstellationData.swift */; };
		BB0000000000000000005B06 /* MeteorShowerData.swift in Sources */ = {isa = PBXBuildFile; fileRef = BB0000000000000000002F25 /* MeteorShowerData.swift */; };
		CC0000000000000000002A01 /* iOSCompassCalibrationView.swift in Sources */ = {isa = PBXBuildFile; fileRef = CC0000000000000000001A01 /* iOSCompassCalibrationView.swift */; };
		BB0000000000000000005B07 /* iOSDesignTokens.swift in Sources */ = {isa = PBXBuildFile; fileRef = BB0000000000000000004F02 /* iOSDesignTokens.swift */; };
		BB0000000000000000005B08 /* StarMapPresentation.swift in Sources */ = {isa = PBXBuildFile; fileRef = BB0000000000000000003F09 /* StarMapPresentation.swift */; };
		BB0000000000000000005B09 /* StarDisplayDensity.swift in Sources */ = {isa = PBXBuildFile; fileRef = BB0000000000000000003F0A /* StarDisplayDensity.swift */; };
		BB0000000000000000005B10 /* iOSTabHeaderView.swift in Sources */ = {isa = PBXBuildFile; fileRef = BB0000000000000000004F10 /* iOSTabHeaderView.swift */; };
		BB0000000000000000005B11 /* StarMapDateLogic.swift in Sources */ = {isa = PBXBuildFile; fileRef = BB0000000000000000003F0B /* StarMapDateLogic.swift */; };
		BB0000000000000000005B12 /* StarMapComputation.swift in Sources */ = {isa = PBXBuildFile; fileRef = BB0000000000000000003F0C /* StarMapComputation.swift */; };
		BB0000000000000000005B13 /* StarMapCanvasOverlays.swift in Sources */ = {isa = PBXBuildFile; fileRef = BB0000000000000000002F29 /* StarMapCanvasOverlays.swift */; };
		BB0000000000000000006B01 /* elevation_japan.bin.z in Resources */ = {isa = PBXBuildFile; fileRef = BB0000000000000000006F01 /* elevation_japan.bin.z */; };
		BB0000000000000000006B02 /* elevation_japan.bin.z in Resources */ = {isa = PBXBuildFile; fileRef = BB0000000000000000006F01 /* elevation_japan.bin.z */; };
		BB0000000000000000006B03 /* elevation_global.bin.z in Resources */ = {isa = PBXBuildFile; fileRef = BB0000000000000000006F02 /* elevation_global.bin.z */; };
		BB0000000000000000006B04 /* elevation_global.bin.z in Resources */ = {isa = PBXBuildFile; fileRef = BB0000000000000000006F02 /* elevation_global.bin.z */; };
		BB0000000000000000007B01 /* constellations_iau.json in Resources */ = {isa = PBXBuildFile; fileRef = BB0000000000000000007F01 /* constellations_iau.json */; };
		BB0000000000000000007B02 /* constellations_iau.json in Resources */ = {isa = PBXBuildFile; fileRef = BB0000000000000000007F01 /* constellations_iau.json */; };
		BD26966CB632FA724659667D /* LightPollutionService.swift in Sources */ = {isa = PBXBuildFile; fileRef = AA0000000000000000002F12 /* LightPollutionService.swift */; };
		C3624AC873043476C6CD9CD9 /* iOSLocationView.swift in Sources */ = {isa = PBXBuildFile; fileRef = 2C4FF1AF217AF56546E11BB3 /* iOSLocationView.swift */; };
		C71CDD3E6ABE68E1AA626B3E /* LocationController.swift in Sources */ = {isa = PBXBuildFile; fileRef = AA0000000000000000002F05 /* LocationController.swift */; };
		C71CDD3E6ABE68E1AA626B3F /* LocationControllerSupport.swift in Sources */ = {isa = PBXBuildFile; fileRef = AA0000000000000000002F28 /* LocationControllerSupport.swift */; };
		C7BB20F2680E654BD13CB866 /* Foundation.framework in Frameworks */ = {isa = PBXBuildFile; fileRef = 0968461A07DC0ABA1D12D91B /* Foundation.framework */; };
		CAE750591596DC8A81611119 /* iOSRootView.swift in Sources */ = {isa = PBXBuildFile; fileRef = E874E471E7767792A4000D47 /* iOSRootView.swift */; };
		CC0000000000000000B12101 /* TerrainProfile.swift in Sources */ = {isa = PBXBuildFile; fileRef = AA0000000000000000002F21 /* TerrainProfile.swift */; };
		CC0000000000000000B12102 /* TerrainService.swift in Sources */ = {isa = PBXBuildFile; fileRef = AA0000000000000000002F22 /* TerrainService.swift */; };
		CDE0B61ACA19A82237AAC59A /* FavoriteLocationStore.swift in Sources */ = {isa = PBXBuildFile; fileRef = 2FA0C4060B1252A05AA86C03 /* FavoriteLocationStore.swift */; };
		DDB100000000000000002001 /* DashboardCommandBridge.swift in Sources */ = {isa = PBXBuildFile; fileRef = DDB100000000000000001001 /* DashboardCommandBridge.swift */; };
		DDB100000000000000002002 /* DashboardCommandBridge.swift in Sources */ = {isa = PBXBuildFile; fileRef = DDB100000000000000001001 /* DashboardCommandBridge.swift */; };
		DDB100000000000000002003 /* DashboardViewModel.swift in Sources */ = {isa = PBXBuildFile; fileRef = DDB100000000000000001002 /* DashboardViewModel.swift */; };
		DDB100000000000000002004 /* DashboardViewModel.swift in Sources */ = {isa = PBXBuildFile; fileRef = DDB100000000000000001002 /* DashboardViewModel.swift */; };
		DDB100000000000000002005 /* MapSnapshotCache.swift in Sources */ = {isa = PBXBuildFile; fileRef = DDB100000000000000001003 /* MapSnapshotCache.swift */; };
		DDB100000000000000002006 /* MapSnapshotCache.swift in Sources */ = {isa = PBXBuildFile; fileRef = DDB100000000000000001003 /* MapSnapshotCache.swift */; };
		DDB100000000000000002007 /* DashboardViewModelTests.swift in Sources */ = {isa = PBXBuildFile; fileRef = DDB100000000000000001004 /* DashboardViewModelTests.swift */; };
		DDB100000000000000002008 /* ComparisonMatrix.swift in Sources */ = {isa = PBXBuildFile; fileRef = 0C21A9833046DD44B1100A11 /* ComparisonMatrix.swift */; };
		DDB100000000000000002009 /* ComparisonController.swift in Sources */ = {isa = PBXBuildFile; fileRef = 0C21A9833046DD44B1100A12 /* ComparisonController.swift */; };
		DDB10000000000000000200A /* DashboardLocationCard.swift in Sources */ = {isa = PBXBuildFile; fileRef = DDB100000000000000001005 /* DashboardLocationCard.swift */; };
		DDB10000000000000000200B /* DashboardLocationPickerSheet.swift in Sources */ = {isa = PBXBuildFile; fileRef = DDB100000000000000001006 /* DashboardLocationPickerSheet.swift */; };
		DDB10000000000000000200D /* DashboardSearchSheet.swift in Sources */ = {isa = PBXBuildFile; fileRef = DDB100000000000000001008 /* DashboardSearchSheet.swift */; };
		DDB10000000000000000200C /* DashboardWindowView.swift in Sources */ = {isa = PBXBuildFile; fileRef = DDB100000000000000001007 /* DashboardWindowView.swift */; };
		D1A100000000000000000002 /* StarMapDisplaySettings.swift in Sources */ = {isa = PBXBuildFile; fileRef = D1A100000000000000000001 /* StarMapDisplaySettings.swift */; };
		D1A100000000000000000003 /* StarMapDisplaySettings.swift in Sources */ = {isa = PBXBuildFile; fileRef = D1A100000000000000000001 /* StarMapDisplaySettings.swift */; };
		D1A100000000000000000005 /* StarMapDisplaySettingsSection.swift in Sources */ = {isa = PBXBuildFile; fileRef = D1A100000000000000000004 /* StarMapDisplaySettingsSection.swift */; };
		D1A100000000000000000006 /* StarMapDisplaySettingsSection.swift in Sources */ = {isa = PBXBuildFile; fileRef = D1A100000000000000000004 /* StarMapDisplaySettingsSection.swift */; };
		D75EF08B6B443B5D2CE817E5 /* NightScopeiOSApp.swift in Sources */ = {isa = PBXBuildFile; fileRef = 79E10951ADCBC5CEF800EE18 /* NightScopeiOSApp.swift */; };
		DDDBBCFA5705F923909101C5 /* NightCalculationService.swift in Sources */ = {isa = PBXBuildFile; fileRef = AA0000000000000000002F18 /* NightCalculationService.swift */; };
		E1A0B1000000000000000002 /* iOSPreviewSupport.swift in Sources */ = {isa = PBXBuildFile; fileRef = E1A0B1000000000000000001 /* iOSPreviewSupport.swift */; };
		E28982699FDE76BC460B3CE0 /* WeatherCard.swift in Sources */ = {isa = PBXBuildFile; fileRef = AA0000000000000000002F15 /* WeatherCard.swift */; };
		E2B1BBFAE453C3FC09374E13 /* FavoriteLocationTests.swift in Sources */ = {isa = PBXBuildFile; fileRef = E9018ABBBB27AE209C8B4401 /* FavoriteLocationTests.swift */; };
		E2B700000000000000000002 /* ObservationHeatBarView.swift in Sources */ = {isa = PBXBuildFile; fileRef = E2B700000000000000000001 /* ObservationHeatBarView.swift */; };
		E2B700000000000000000003 /* ObservationHeatBarView.swift in Sources */ = {isa = PBXBuildFile; fileRef = E2B700000000000000000001 /* ObservationHeatBarView.swift */; };
		E5011838AEAE02853D1BF0E3 /* NightWeatherCardViewModel.swift in Sources */ = {isa = PBXBuildFile; fileRef = AA0000000000000000003F05 /* NightWeatherCardViewModel.swift */; };
		E60A49CD1BC946E763B3AAC6 /* iOSNightCardRow.swift in Sources */ = {isa = PBXBuildFile; fileRef = 94893EBD94DD9539C7C86561 /* iOSNightCardRow.swift */; };
		F1A2B3C4D5E6F708192A3B01 /* MapKitViewSharedLogic.swift in Sources */ = {isa = PBXBuildFile; fileRef = F1A2B3C4D5E6F708192A3B4C /* MapKitViewSharedLogic.swift */; };
		F1A2B3C4D5E6F708192A3B02 /* MapKitViewSharedLogic.swift in Sources */ = {isa = PBXBuildFile; fileRef = F1A2B3C4D5E6F708192A3B4C /* MapKitViewSharedLogic.swift */; };
		F6CD4B6B293C9471C424C02A /* MoonPhaseCard.swift in Sources */ = {isa = PBXBuildFile; fileRef = AA0000000000000000002F14 /* MoonPhaseCard.swift */; };
		FC01B28AAAA3D24EA5E24686 /* UpcomingNightsGrid.swift in Sources */ = {isa = PBXBuildFile; fileRef = AA0000000000000000002F17 /* UpcomingNightsGrid.swift */; };
		FCBBDF3EB1CA5D5B3BE17896 /* CalendarView.swift in Sources */ = {isa = PBXBuildFile; fileRef = AA0000000000000000002F10 /* CalendarView.swift */; };
/* End PBXBuildFile section */

/* Begin PBXContainerItemProxy section */
		AA000000000000000000CP01 /* PBXContainerItemProxy */ = {
			isa = PBXContainerItemProxy;
			containerPortal = AA000000000000000000PJ01 /* Project object */;
			proxyType = 1;
			remoteGlobalIDString = AA000000000000000000TG01;
			remoteInfo = NightScope;
		};
/* End PBXContainerItemProxy section */

/* Begin PBXFileReference section */
		0968461A07DC0ABA1D12D91B /* Foundation.framework */ = {isa = PBXFileReference; lastKnownFileType = wrapper.framework; name = Foundation.framework; path = Platforms/iPhoneOS.platform/Developer/SDKs/iPhoneOS18.0.sdk/System/Library/Frameworks/Foundation.framework; sourceTree = DEVELOPER_DIR; };
		0A5FD175A6FD4FA2071B5F37 /* FavoriteLocation.swift */ = {isa = PBXFileReference; includeInIndex = 1; lastKnownFileType = sourcecode.swift; path = FavoriteLocation.swift; sourceTree = "<group>"; };
		0C21A9833046DD44B1100A11 /* ComparisonMatrix.swift */ = {isa = PBXFileReference; lastKnownFileType = sourcecode.swift; path = ComparisonMatrix.swift; sourceTree = "<group>"; };
		0C21A9833046DD44B1100A12 /* ComparisonController.swift */ = {isa = PBXFileReference; lastKnownFileType = sourcecode.swift; path = ComparisonController.swift; sourceTree = "<group>"; };
		0C21A9833046DD44B1100A13 /* ComparisonControllerTests.swift */ = {isa = PBXFileReference; lastKnownFileType = sourcecode.swift; path = ComparisonControllerTests.swift; sourceTree = "<group>"; };
		14E29A763046C8DBB1100A11 /* ObservationMode.swift */ = {isa = PBXFileReference; lastKnownFileType = sourcecode.swift; path = ObservationMode.swift; sourceTree = "<group>"; };
		14E29A763046C8DBB1100A12 /* StarGazingIndex+Mode.swift */ = {isa = PBXFileReference; lastKnownFileType = sourcecode.swift; path = "StarGazingIndex+Mode.swift"; sourceTree = "<group>"; };
		1A2B3C4D5E6F708192A3B4C4 /* iOSStarMapSupport.swift */ = {isa = PBXFileReference; includeInIndex = 1; lastKnownFileType = sourcecode.swift; path = iOSStarMapSupport.swift; sourceTree = "<group>"; };
		2C4FF1AF217AF56546E11BB3 /* iOSLocationView.swift */ = {isa = PBXFileReference; includeInIndex = 1; lastKnownFileType = sourcecode.swift; path = iOSLocationView.swift; sourceTree = "<group>"; };
		2FA0C4060B1252A05AA86C03 /* FavoriteLocationStore.swift */ = {isa = PBXFileReference; includeInIndex = 1; lastKnownFileType = sourcecode.swift; path = FavoriteLocationStore.swift; sourceTree = "<group>"; };
		3C88010FC1657FBB75579A3E /* iOSTodayView.swift */ = {isa = PBXFileReference; includeInIndex = 1; lastKnownFileType = sourcecode.swift; path = iOSTodayView.swift; sourceTree = "<group>"; };
		6C1674E72F8E7B7500AF040A /* ObservationTimeZone.swift */ = {isa = PBXFileReference; lastKnownFileType = sourcecode.swift; path = ObservationTimeZone.swift; sourceTree = "<group>"; };
		6C18B76F2F791309007949F3 /* SettingsView.swift */ = {isa = PBXFileReference; lastKnownFileType = sourcecode.swift; path = SettingsView.swift; sourceTree = "<group>"; };
		6CD4ED0E2F83B99000ECC17B /* MapTileOverlay.swift */ = {isa = PBXFileReference; lastKnownFileType = sourcecode.swift; path = MapTileOverlay.swift; sourceTree = "<group>"; };
		6CFBFDEA2F78B7080018A9E5 /* NightScope.icon */ = {isa = PBXFileReference; lastKnownFileType = folder.iconcomposer.icon; path = NightScope.icon; sourceTree = "<group>"; };
		6D4A1F7B2E9C4100A1B2C3D3 /* PrivacyInfo.xcprivacy */ = {isa = PBXFileReference; lastKnownFileType = text.plist.xml; path = PrivacyInfo.xcprivacy; sourceTree = "<group>"; };
		6FE64AD88B8F4595D25E01FF /* iOSForecastView.swift */ = {isa = PBXFileReference; includeInIndex = 1; lastKnownFileType = sourcecode.swift; path = iOSForecastView.swift; sourceTree = "<group>"; };
		79E10951ADCBC5CEF800EE18 /* NightScopeiOSApp.swift */ = {isa = PBXFileReference; includeInIndex = 1; lastKnownFileType = sourcecode.swift; path = NightScopeiOSApp.swift; sourceTree = "<group>"; };
		7E945580091B1E2051F32062 /* NightStarScope.app */ = {isa = PBXFileReference; explicitFileType = wrapper.application; includeInIndex = 0; path = NightStarScope.app; sourceTree = BUILT_PRODUCTS_DIR; };
		816BFE2E87B5441281342EF9 /* Assets.xcassets */ = {isa = PBXFileReference; includeInIndex = 1; lastKnownFileType = folder.assetcatalog; path = Assets.xcassets; sourceTree = "<group>"; };
		94893EBD94DD9539C7C86561 /* iOSNightCardRow.swift */ = {isa = PBXFileReference; includeInIndex = 1; lastKnownFileType = sourcecode.swift; path = iOSNightCardRow.swift; sourceTree = "<group>"; };
		9645065BBBF802A955B5582A /* NightScopeiOS.entitlements */ = {isa = PBXFileReference; includeInIndex = 1; lastKnownFileType = text.plist.entitlements; path = NightScopeiOS.entitlements; sourceTree = "<group>"; };
		A0F100000000000000000001 /* Localization.swift */ = {isa = PBXFileReference; lastKnownFileType = sourcecode.swift; path = Localization.swift; sourceTree = "<group>"; };
		A0F100000000000000000004 /* Localizable.xcstrings */ = {isa = PBXFileReference; lastKnownFileType = text.json.xcstrings; path = Localizable.xcstrings; sourceTree = "<group>"; };
		A1B2C3D4E5F60718293A4B0F /* GeoStateValidator.swift */ = {isa = PBXFileReference; lastKnownFileType = sourcecode.swift; path = GeoStateValidator.swift; sourceTree = "<group>"; };
		AA0000000000000000001F01 /* NightScopeApp.swift */ = {isa = PBXFileReference; lastKnownFileType = sourcecode.swift; path = NightScopeApp.swift; sourceTree = "<group>"; };
		AA0000000000000000001F03 /* MilkyWayCalculator.swift */ = {isa = PBXFileReference; lastKnownFileType = sourcecode.swift; path = MilkyWayCalculator.swift; sourceTree = "<group>"; };
		AA0000000000000000001F05 /* Assets.xcassets */ = {isa = PBXFileReference; lastKnownFileType = folder.assetcatalog; path = Assets.xcassets; sourceTree = "<group>"; };
		AA0000000000000000001F06 /* NightScope.entitlements */ = {isa = PBXFileReference; lastKnownFileType = text.plist.entitlements; path = NightScope.entitlements; sourceTree = "<group>"; };
		AA0000000000000000001F08 /* NightStarScope.app */ = {isa = PBXFileReference; explicitFileType = wrapper.application; includeInIndex = 0; path = NightStarScope.app; sourceTree = BUILT_PRODUCTS_DIR; };
		AA0000000000000000002F01 /* AstroModels.swift */ = {isa = PBXFileReference; lastKnownFileType = sourcecode.swift; path = AstroModels.swift; sourceTree = "<group>"; };
		AA0000000000000000004F11 /* AstroPhotoSettings.swift */ = {isa = PBXFileReference; lastKnownFileType = sourcecode.swift; path = AstroPhotoSettings.swift; sourceTree = "<group>"; };
		AA0000000000000000004F12 /* AstroPhotoCalculator.swift */ = {isa = PBXFileReference; lastKnownFileType = sourcecode.swift; path = AstroPhotoCalculator.swift; sourceTree = "<group>"; };
		AA0000000000000000004F13 /* AstroPhotoCalculatorViewModel.swift */ = {isa = PBXFileReference; lastKnownFileType = sourcecode.swift; path = AstroPhotoCalculatorViewModel.swift; sourceTree = "<group>"; };
		AA0000000000000000004F14 /* AstroPhotoCalculatorView.swift */ = {isa = PBXFileReference; lastKnownFileType = sourcecode.swift; path = AstroPhotoCalculatorView.swift; sourceTree = "<group>"; };
		AA0000000000000000002F02 /* WeatherModels.swift */ = {isa = PBXFileReference; lastKnownFileType = sourcecode.swift; path = WeatherModels.swift; sourceTree = "<group>"; };
		AA0000000000000000002F03 /* StarGazingIndex.swift */ = {isa = PBXFileReference; lastKnownFileType = sourcecode.swift; path = StarGazingIndex.swift; sourceTree = "<group>"; };
		AA0000000000000000002F04 /* AppController.swift */ = {isa = PBXFileReference; lastKnownFileType = sourcecode.swift; path = AppController.swift; sourceTree = "<group>"; };
		AA0000000000000000002F05 /* LocationController.swift */ = {isa = PBXFileReference; lastKnownFileType = sourcecode.swift; path = LocationController.swift; sourceTree = "<group>"; };
		AA0000000000000000002F07 /* ContentView.swift */ = {isa = PBXFileReference; lastKnownFileType = sourcecode.swift; path = ContentView.swift; sourceTree = "<group>"; };
		AA0000000000000000002F08 /* SidebarView.swift */ = {isa = PBXFileReference; lastKnownFileType = sourcecode.swift; path = SidebarView.swift; sourceTree = "<group>"; };
		AA0000000000000000002F09 /* DetailView.swift */ = {isa = PBXFileReference; lastKnownFileType = sourcecode.swift; path = DetailView.swift; sourceTree = "<group>"; };
		AA0000000000000000002F10 /* CalendarView.swift */ = {isa = PBXFileReference; lastKnownFileType = sourcecode.swift; path = CalendarView.swift; sourceTree = "<group>"; };
		AA0000000000000000002F11 /* MapLocationPicker.swift */ = {isa = PBXFileReference; lastKnownFileType = sourcecode.swift; path = MapLocationPicker.swift; sourceTree = "<group>"; };
		AA0000000000000000002F12 /* LightPollutionService.swift */ = {isa = PBXFileReference; lastKnownFileType = sourcecode.swift; path = LightPollutionService.swift; sourceTree = "<group>"; };
		AA0000000000000000002F13 /* StarGazingIndexCard.swift */ = {isa = PBXFileReference; lastKnownFileType = sourcecode.swift; path = StarGazingIndexCard.swift; sourceTree = "<group>"; };
		AA0000000000000000002F14 /* MoonPhaseCard.swift */ = {isa = PBXFileReference; lastKnownFileType = sourcecode.swift; path = MoonPhaseCard.swift; sourceTree = "<group>"; };
		AA0000000000000000002F15 /* WeatherCard.swift */ = {isa = PBXFileReference; lastKnownFileType = sourcecode.swift; path = WeatherCard.swift; sourceTree = "<group>"; };
		AA0000000000000000002F16 /* ViewingWindowsSection.swift */ = {isa = PBXFileReference; lastKnownFileType = sourcecode.swift; path = ViewingWindowsSection.swift; sourceTree = "<group>"; };
		AA0000000000000000002F17 /* UpcomingNightsGrid.swift */ = {isa = PBXFileReference; lastKnownFileType = sourcecode.swift; path = UpcomingNightsGrid.swift; sourceTree = "<group>"; };
		AA0000000000000000002F18 /* NightCalculationService.swift */ = {isa = PBXFileReference; lastKnownFileType = sourcecode.swift; path = NightCalculationService.swift; sourceTree = "<group>"; };
		AA0000000000000000002F19 /* UIConstants.swift */ = {isa = PBXFileReference; lastKnownFileType = sourcecode.swift; path = UIConstants.swift; sourceTree = "<group>"; };
		AA0000000000000000002F20 /* DarkTimeCard.swift */ = {isa = PBXFileReference; lastKnownFileType = sourcecode.swift; path = DarkTimeCard.swift; sourceTree = "<group>"; };
		AA0000000000000000002F21 /* TerrainProfile.swift */ = {isa = PBXFileReference; lastKnownFileType = sourcecode.swift; path = TerrainProfile.swift; sourceTree = "<group>"; };
		AA0000000000000000002F22 /* TerrainService.swift */ = {isa = PBXFileReference; lastKnownFileType = sourcecode.swift; path = TerrainService.swift; sourceTree = "<group>"; };
		AA0000000000000000002F26 /* AppRootDependencies.swift */ = {isa = PBXFileReference; lastKnownFileType = sourcecode.swift; path = AppRootDependencies.swift; sourceTree = "<group>"; };
		AA0000000000000000002F27 /* WeatherServiceSupport.swift */ = {isa = PBXFileReference; lastKnownFileType = sourcecode.swift; path = WeatherServiceSupport.swift; sourceTree = "<group>"; };
		AA0000000000000000002F28 /* LocationControllerSupport.swift */ = {isa = PBXFileReference; lastKnownFileType = sourcecode.swift; path = LocationControllerSupport.swift; sourceTree = "<group>"; };
		DDB100000000000000001001 /* DashboardCommandBridge.swift */ = {isa = PBXFileReference; lastKnownFileType = sourcecode.swift; path = NightScope/Controllers/DashboardCommandBridge.swift; sourceTree = "<group>"; };
		DDB100000000000000001002 /* DashboardViewModel.swift */ = {isa = PBXFileReference; lastKnownFileType = sourcecode.swift; path = NightScope/ViewModels/DashboardViewModel.swift; sourceTree = "<group>"; };
		DDB100000000000000001003 /* MapSnapshotCache.swift */ = {isa = PBXFileReference; lastKnownFileType = sourcecode.swift; path = NightScope/Controllers/MapSnapshotCache.swift; sourceTree = "<group>"; };
		DDB100000000000000001004 /* DashboardViewModelTests.swift */ = {isa = PBXFileReference; lastKnownFileType = sourcecode.swift; path = NightScopeTests/DashboardViewModelTests.swift; sourceTree = "<group>"; };
		DDB100000000000000001005 /* DashboardLocationCard.swift */ = {isa = PBXFileReference; lastKnownFileType = sourcecode.swift; path = DashboardLocationCard.swift; sourceTree = "<group>"; };
		DDB100000000000000001006 /* DashboardLocationPickerSheet.swift */ = {isa = PBXFileReference; lastKnownFileType = sourcecode.swift; path = DashboardLocationPickerSheet.swift; sourceTree = "<group>"; };
		DDB100000000000000001008 /* DashboardSearchSheet.swift */ = {isa = PBXFileReference; lastKnownFileType = sourcecode.swift; path = DashboardSearchSheet.swift; sourceTree = "<group>"; };
		DDB100000000000000001007 /* DashboardWindowView.swift */ = {isa = PBXFileReference; lastKnownFileType = sourcecode.swift; path = DashboardWindowView.swift; sourceTree = "<group>"; };
		AA0000000000000000003F01 /* DetailViewModel.swift */ = {isa = PBXFileReference; lastKnownFileType = sourcecode.swift; path = DetailViewModel.swift; sourceTree = "<group>"; };
		AA0000000000000000003F02 /* SidebarViewModel.swift */ = {isa = PBXFileReference; lastKnownFileType = sourcecode.swift; path = SidebarViewModel.swift; sourceTree = "<group>"; };
		AA0000000000000000003F03 /* UpcomingNightsGridViewModel.swift */ = {isa = PBXFileReference; lastKnownFileType = sourcecode.swift; path = UpcomingNightsGridViewModel.swift; sourceTree = "<group>"; };
		AA0000000000000000003F04 /* StarGazingIndexCardViewModel.swift */ = {isa = PBXFileReference; lastKnownFileType = sourcecode.swift; path = StarGazingIndexCardViewModel.swift; sourceTree = "<group>"; };
		AA0000000000000000003F05 /* NightWeatherCardViewModel.swift */ = {isa = PBXFileReference; lastKnownFileType = sourcecode.swift; path = NightWeatherCardViewModel.swift; sourceTree = "<group>"; };
		AA0000000000000000003F06 /* DarkTimeCardViewModel.swift */ = {isa = PBXFileReference; lastKnownFileType = sourcecode.swift; path = DarkTimeCardViewModel.swift; sourceTree = "<group>"; };
		AA0000000000000000003F07 /* ViewingWindowsSectionViewModel.swift */ = {isa = PBXFileReference; lastKnownFileType = sourcecode.swift; path = ViewingWindowsSectionViewModel.swift; sourceTree = "<group>"; };
		AA000000000000000000TF01 /* MilkyWayCalculatorTests.swift */ = {isa = PBXFileReference; lastKnownFileType = sourcecode.swift; path = MilkyWayCalculatorTests.swift; sourceTree = "<group>"; };
		AA000000000000000000TF02 /* StarGazingIndexTests.swift */ = {isa = PBXFileReference; lastKnownFileType = sourcecode.swift; path = StarGazingIndexTests.swift; sourceTree = "<group>"; };
		AA000000000000000000TF03 /* WeatherServiceTests.swift */ = {isa = PBXFileReference; lastKnownFileType = sourcecode.swift; path = WeatherServiceTests.swift; sourceTree = "<group>"; };
		AA000000000000000000TF04 /* AppControllerTests.swift */ = {isa = PBXFileReference; lastKnownFileType = sourcecode.swift; path = AppControllerTests.swift; sourceTree = "<group>"; };
		AA000000000000000000TF05 /* AstroModelsTests.swift */ = {isa = PBXFileReference; lastKnownFileType = sourcecode.swift; path = AstroModelsTests.swift; sourceTree = "<group>"; };
		AA000000000000000000TF06 /* ViewModelTestSupport.swift */ = {isa = PBXFileReference; lastKnownFileType = sourcecode.swift; path = ViewModelTestSupport.swift; sourceTree = "<group>"; };
		AA000000000000000000TF16 /* AstroPhotoCalculatorTests.swift */ = {isa = PBXFileReference; lastKnownFileType = sourcecode.swift; path = AstroPhotoCalculatorTests.swift; sourceTree = "<group>"; };
		AA000000000000000000TF07 /* StarMapViewModelTests.swift */ = {isa = PBXFileReference; lastKnownFileType = sourcecode.swift; path = StarMapViewModelTests.swift; sourceTree = "<group>"; };
		AA000000000000000000TF08 /* LocationControllerTests.swift */ = {isa = PBXFileReference; lastKnownFileType = sourcecode.swift; path = LocationControllerTests.swift; sourceTree = "<group>"; };
		AA000000000000000000TF09 /* NightScopeTests.xctest */ = {isa = PBXFileReference; explicitFileType = wrapper.cfbundle; includeInIndex = 0; path = NightScopeTests.xctest; sourceTree = BUILT_PRODUCTS_DIR; };
		AA000000000000000000TF10 /* SidebarViewModelTests.swift */ = {isa = PBXFileReference; lastKnownFileType = sourcecode.swift; path = SidebarViewModelTests.swift; sourceTree = "<group>"; };
		AA000000000000000000TF11 /* MapKitSharedLogicTests.swift */ = {isa = PBXFileReference; lastKnownFileType = sourcecode.swift; path = MapKitSharedLogicTests.swift; sourceTree = "<group>"; };
		AA000000000000000000TF12 /* DetailPresentationViewModelTests.swift */ = {isa = PBXFileReference; lastKnownFileType = sourcecode.swift; path = DetailPresentationViewModelTests.swift; sourceTree = "<group>"; };
		AA000000000000000000TF13 /* UpcomingNightsGridViewModelTests.swift */ = {isa = PBXFileReference; lastKnownFileType = sourcecode.swift; path = UpcomingNightsGridViewModelTests.swift; sourceTree = "<group>"; };
		AA000000000000000000TF14 /* SearchResultsLayoutTests.swift */ = {isa = PBXFileReference; lastKnownFileType = sourcecode.swift; path = SearchResultsLayoutTests.swift; sourceTree = "<group>"; };
		AA000000000000000000TF15 /* CalendarViewTests.swift */ = {isa = PBXFileReference; lastKnownFileType = sourcecode.swift; path = CalendarViewTests.swift; sourceTree = "<group>"; };
		AEF100000000000000000001 /* WeatherKitService.swift */ = {isa = PBXFileReference; lastKnownFileType = sourcecode.swift; path = WeatherKitService.swift; sourceTree = "<group>"; };
		AEF100000000000000000002 /* WeatherKitServiceSupport.swift */ = {isa = PBXFileReference; lastKnownFileType = sourcecode.swift; path = WeatherKitServiceSupport.swift; sourceTree = "<group>"; };
		BB0000000000000000002F21 /* StarCatalog.swift */ = {isa = PBXFileReference; lastKnownFileType = sourcecode.swift; path = StarCatalog.swift; sourceTree = "<group>"; };
		BB0000000000000000002F22 /* StarMapCanvasView.swift */ = {isa = PBXFileReference; lastKnownFileType = sourcecode.swift; path = StarMapCanvasView.swift; sourceTree = "<group>"; };
		BB0000000000000000002F23 /* ConstellationData.swift */ = {isa = PBXFileReference; lastKnownFileType = sourcecode.swift; path = ConstellationData.swift; sourceTree = "<group>"; };
		BB0000000000000000002F24 /* StarInfoMacView.swift */ = {isa = PBXFileReference; lastKnownFileType = sourcecode.swift; path = StarInfoMacView.swift; sourceTree = "<group>"; };
		BB0000000000000000002F25 /* MeteorShowerData.swift */ = {isa = PBXFileReference; lastKnownFileType = sourcecode.swift; path = MeteorShowerData.swift; sourceTree = "<group>"; };
		BB0000000000000000002F29 /* StarMapCanvasOverlays.swift */ = {isa = PBXFileReference; lastKnownFileType = sourcecode.swift; path = StarMapCanvasOverlays.swift; sourceTree = "<group>"; };
		BB0000000000000000003F01 /* stars_fill.json */ = {isa = PBXFileReference; lastKnownFileType = text.json; path = stars_fill.json; sourceTree = "<group>"; };
		BB0000000000000000003F02 /* bortle_map.bin */ = {isa = PBXFileReference; lastKnownFileType = archive.macbinary; path = bortle_map.bin; sourceTree = "<group>"; };
		BB0000000000000000003F08 /* StarMapViewModel.swift */ = {isa = PBXFileReference; lastKnownFileType = sourcecode.swift; path = StarMapViewModel.swift; sourceTree = "<group>"; };
		BB0000000000000000003F09 /* StarMapPresentation.swift */ = {isa = PBXFileReference; lastKnownFileType = sourcecode.swift; path = StarMapPresentation.swift; sourceTree = "<group>"; };
		BB0000000000000000003F0A /* StarDisplayDensity.swift */ = {isa = PBXFileReference; lastKnownFileType = sourcecode.swift; path = StarDisplayDensity.swift; sourceTree = "<group>"; };
		BB0000000000000000003F0B /* StarMapDateLogic.swift */ = {isa = PBXFileReference; lastKnownFileType = sourcecode.swift; path = StarMapDateLogic.swift; sourceTree = "<group>"; };
		BB0000000000000000003F0C /* StarMapComputation.swift */ = {isa = PBXFileReference; lastKnownFileType = sourcecode.swift; path = StarMapComputation.swift; sourceTree = "<group>"; };
		BB0000000000000000004F01 /* iOSStarMapView.swift */ = {isa = PBXFileReference; includeInIndex = 1; lastKnownFileType = sourcecode.swift; path = iOSStarMapView.swift; sourceTree = "<group>"; };
		BB0000000000000000004F02 /* iOSDesignTokens.swift */ = {isa = PBXFileReference; includeInIndex = 1; lastKnownFileType = sourcecode.swift; path = iOSDesignTokens.swift; sourceTree = "<group>"; };
		CC0000000000000000001A01 /* iOSCompassCalibrationView.swift */ = {isa = PBXFileReference; includeInIndex = 1; lastKnownFileType = sourcecode.swift; path = iOSCompassCalibrationView.swift; sourceTree = "<group>"; };
		BB0000000000000000004F10 /* iOSTabHeaderView.swift */ = {isa = PBXFileReference; includeInIndex = 1; lastKnownFileType = sourcecode.swift; path = iOSTabHeaderView.swift; sourceTree = "<group>"; };
		BB0000000000000000006F01 /* elevation_japan.bin.z */ = {isa = PBXFileReference; lastKnownFileType = archive.macbinary; path = elevation_japan.bin.z; sourceTree = "<group>"; };
		BB0000000000000000006F02 /* elevation_global.bin.z */ = {isa = PBXFileReference; lastKnownFileType = archive.macbinary; path = elevation_global.bin.z; sourceTree = "<group>"; };
		BB0000000000000000007F01 /* constellations_iau.json */ = {isa = PBXFileReference; lastKnownFileType = text.json; path = constellations_iau.json; sourceTree = "<group>"; };
		D0E51B35725701CA2DB51488 /* iOSMapView.swift */ = {isa = PBXFileReference; includeInIndex = 1; lastKnownFileType = sourcecode.swift; path = iOSMapView.swift; sourceTree = "<group>"; };
		D1A100000000000000000001 /* StarMapDisplaySettings.swift */ = {isa = PBXFileReference; lastKnownFileType = sourcecode.swift; path = StarMapDisplaySettings.swift; sourceTree = "<group>"; };
		DDB100000000000000002013 /* DashboardSearchController.swift */ = {isa = PBXFileReference; lastKnownFileType = sourcecode.swift; path = DashboardSearchController.swift; sourceTree = "<group>"; };
		D1A100000000000000000004 /* StarMapDisplaySettingsSection.swift */ = {isa = PBXFileReference; lastKnownFileType = sourcecode.swift; path = StarMapDisplaySettingsSection.swift; sourceTree = "<group>"; };
		E1A0B1000000000000000001 /* iOSPreviewSupport.swift */ = {isa = PBXFileReference; includeInIndex = 1; lastKnownFileType = sourcecode.swift; path = iOSPreviewSupport.swift; sourceTree = "<group>"; };
		E2B700000000000000000001 /* ObservationHeatBarView.swift */ = {isa = PBXFileReference; lastKnownFileType = sourcecode.swift; path = ObservationHeatBarView.swift; sourceTree = "<group>"; };
		E874E471E7767792A4000D47 /* iOSRootView.swift */ = {isa = PBXFileReference; includeInIndex = 1; lastKnownFileType = sourcecode.swift; path = iOSRootView.swift; sourceTree = "<group>"; };
		E9018ABBBB27AE209C8B4401 /* FavoriteLocationTests.swift */ = {isa = PBXFileReference; includeInIndex = 1; lastKnownFileType = sourcecode.swift; path = FavoriteLocationTests.swift; sourceTree = "<group>"; };
		F1A2B3C4D5E6F708192A3B4C /* MapKitViewSharedLogic.swift */ = {isa = PBXFileReference; lastKnownFileType = sourcecode.swift; path = MapKitViewSharedLogic.swift; sourceTree = "<group>"; };
/* End PBXFileReference section */

/* Begin PBXFrameworksBuildPhase section */
		AA000000000000000000FP01 /* Frameworks */ = {
			isa = PBXFrameworksBuildPhase;
			buildActionMask = 2147483647;
			files = (
			);
			runOnlyForDeploymentPostprocessing = 0;
		};
		AA000000000000000000FP02 /* Frameworks */ = {
			isa = PBXFrameworksBuildPhase;
			buildActionMask = 2147483647;
			files = (
			);
			runOnlyForDeploymentPostprocessing = 0;
		};
		E87CC5054B2DC7187AD95589 /* Frameworks */ = {
			isa = PBXFrameworksBuildPhase;
			buildActionMask = 2147483647;
			files = (
				C7BB20F2680E654BD13CB866 /* Foundation.framework in Frameworks */,
			);
			runOnlyForDeploymentPostprocessing = 0;
		};
/* End PBXFrameworksBuildPhase section */

/* Begin PBXGroup section */
		12EE193277029D9DD2D591EA /* iOS */ = {
			isa = PBXGroup;
			children = (
				0968461A07DC0ABA1D12D91B /* Foundation.framework */,
			);
			name = iOS;
			sourceTree = "<group>";
		};
		747C99DD4862EE020FCFD808 /* NightScopeiOS */ = {
			isa = PBXGroup;
			children = (
				957A1590E94427B801F06BEC /* Views */,
				79E10951ADCBC5CEF800EE18 /* NightScopeiOSApp.swift */,
				9645065BBBF802A955B5582A /* NightScopeiOS.entitlements */,
				816BFE2E87B5441281342EF9 /* Assets.xcassets */,
			);
			path = NightScopeiOS;
			sourceTree = "<group>";
		};
		957A1590E94427B801F06BEC /* Views */ = {
			isa = PBXGroup;
			children = (
				ED567DB71258EB139EE02CA1 /* Components */,
				E874E471E7767792A4000D47 /* iOSRootView.swift */,
				BB0000000000000000004F02 /* iOSDesignTokens.swift */,
				E1A0B1000000000000000001 /* iOSPreviewSupport.swift */,
				3C88010FC1657FBB75579A3E /* iOSTodayView.swift */,
				6FE64AD88B8F4595D25E01FF /* iOSForecastView.swift */,
				2C4FF1AF217AF56546E11BB3 /* iOSLocationView.swift */,
				BB0000000000000000004F01 /* iOSStarMapView.swift */,
				1A2B3C4D5E6F708192A3B4C4 /* iOSStarMapSupport.swift */,
			);
			path = Views;
			sourceTree = "<group>";
		};
		AA000000000000000000GR01 = {
			isa = PBXGroup;
			children = (
				AA000000000000000000GR02 /* NightScope */,
				AA000000000000000000GR07 /* NightScopeTests */,
				AA000000000000000000GR03 /* Products */,
				CD622108FA6D46FF6BD86D3D /* Frameworks */,
				747C99DD4862EE020FCFD808 /* NightScopeiOS */,
			);
			sourceTree = "<group>";
		};
		AA000000000000000000GR02 /* NightScope */ = {
			isa = PBXGroup;
			children = (
				AA0000000000000000001F01 /* NightScopeApp.swift */,
				AA000000000000000000GR04 /* Models */,
				BB0000000000000000008G01 /* Data */,
				AA000000000000000000GR05 /* Controllers */,
				AA000000000000000000GR08 /* ViewModels */,
				AA000000000000000000GR06 /* Views */,
				AA0000000000000000001F05 /* Assets.xcassets */,
				A0F100000000000000000004 /* Localizable.xcstrings */,
				6CFBFDEA2F78B7080018A9E5 /* NightScope.icon */,
				AA0000000000000000001F06 /* NightScope.entitlements */,
				6D4A1F7B2E9C4100A1B2C3D3 /* PrivacyInfo.xcprivacy */,
			);
			path = NightScope;
			sourceTree = "<group>";
		};
		AA000000000000000000GR03 /* Products */ = {
			isa = PBXGroup;
			children = (
				AA0000000000000000001F08 /* NightStarScope.app */,
				AA000000000000000000TF09 /* NightScopeTests.xctest */,
				7E945580091B1E2051F32062 /* NightStarScope.app */,
			);
			name = Products;
			sourceTree = "<group>";
		};
		AA000000000000000000GR04 /* Models */ = {
			isa = PBXGroup;
			children = (
				6C1674E72F8E7B7500AF040A /* ObservationTimeZone.swift */,
				A0F100000000000000000001 /* Localization.swift */,
				AA0000000000000000002F01 /* AstroModels.swift */,
				AA0000000000000000004F11 /* AstroPhotoSettings.swift */,
				AA0000000000000000002F02 /* WeatherModels.swift */,
				AA0000000000000000002F03 /* StarGazingIndex.swift */,
				14E29A763046C8DBB1100A11 /* ObservationMode.swift */,
				14E29A763046C8DBB1100A12 /* StarGazingIndex+Mode.swift */,
				0C21A9833046DD44B1100A11 /* ComparisonMatrix.swift */,
				A1B2C3D4E5F60718293A4B0F /* GeoStateValidator.swift */,
				AA0000000000000000002F21 /* TerrainProfile.swift */,
				BB0000000000000000002F21 /* StarCatalog.swift */,
				BB0000000000000000003F0A /* StarDisplayDensity.swift */,
				D1A100000000000000000001 /* StarMapDisplaySettings.swift */,
				BB0000000000000000002F23 /* ConstellationData.swift */,
				BB0000000000000000002F25 /* MeteorShowerData.swift */,
				0A5FD175A6FD4FA2071B5F37 /* FavoriteLocation.swift */,
			);
			path = Models;
			sourceTree = "<group>";
		};
		AA000000000000000000GR05 /* Controllers */ = {
			isa = PBXGroup;
			children = (
				AA0000000000000000001F03 /* MilkyWayCalculator.swift */,
				AA0000000000000000004F12 /* AstroPhotoCalculator.swift */,
				AA0000000000000000002F04 /* AppController.swift */,
				AA0000000000000000002F26 /* AppRootDependencies.swift */,
				AA0000000000000000002F18 /* NightCalculationService.swift */,
				0C21A9833046DD44B1100A12 /* ComparisonController.swift */,
				AA0000000000000000002F05 /* LocationController.swift */,
				AA0000000000000000002F28 /* LocationControllerSupport.swift */,
				DDB100000000000000002013 /* DashboardSearchController.swift */,
				AA0000000000000000002F27 /* WeatherServiceSupport.swift */,
				AEF100000000000000000001 /* WeatherKitService.swift */,
				AEF100000000000000000002 /* WeatherKitServiceSupport.swift */,
				AA0000000000000000002F12 /* LightPollutionService.swift */,
				AA0000000000000000002F22 /* TerrainService.swift */,
				2FA0C4060B1252A05AA86C03 /* FavoriteLocationStore.swift */,
			);
			path = Controllers;
			sourceTree = "<group>";
		};
		AA000000000000000000GR06 /* Views */ = {
			isa = PBXGroup;
			children = (
				6CD4ED0E2F83B99000ECC17B /* MapTileOverlay.swift */,
				F1A2B3C4D5E6F708192A3B4C /* MapKitViewSharedLogic.swift */,
				6C18B76F2F791309007949F3 /* SettingsView.swift */,
				AA0000000000000000004F14 /* AstroPhotoCalculatorView.swift */,
				D1A100000000000000000004 /* StarMapDisplaySettingsSection.swift */,
				E2B700000000000000000001 /* ObservationHeatBarView.swift */,
				AA0000000000000000002F07 /* ContentView.swift */,
				DDB100000000000000001005 /* DashboardLocationCard.swift */,
				DDB100000000000000001006 /* DashboardLocationPickerSheet.swift */,
				DDB100000000000000001008 /* DashboardSearchSheet.swift */,
				DDB100000000000000001007 /* DashboardWindowView.swift */,
				AA0000000000000000002F08 /* SidebarView.swift */,
				AA0000000000000000002F09 /* DetailView.swift */,
				AA0000000000000000002F13 /* StarGazingIndexCard.swift */,
				AA0000000000000000002F14 /* MoonPhaseCard.swift */,
				AA0000000000000000002F20 /* DarkTimeCard.swift */,
				AA0000000000000000002F15 /* WeatherCard.swift */,
				AA0000000000000000002F16 /* ViewingWindowsSection.swift */,
				AA0000000000000000002F17 /* UpcomingNightsGrid.swift */,
				AA0000000000000000002F19 /* UIConstants.swift */,
				AA0000000000000000002F10 /* CalendarView.swift */,
				AA0000000000000000002F11 /* MapLocationPicker.swift */,
				BB0000000000000000002F22 /* StarMapCanvasView.swift */,
				BB0000000000000000002F29 /* StarMapCanvasOverlays.swift */,
				BB0000000000000000002F24 /* StarInfoMacView.swift */,
			);
			path = Views;
			sourceTree = "<group>";
		};
		AA000000000000000000GR07 /* NightScopeTests */ = {
			isa = PBXGroup;
			children = (
				AA000000000000000000TF01 /* MilkyWayCalculatorTests.swift */,
				AA000000000000000000TF02 /* StarGazingIndexTests.swift */,
				AA000000000000000000TF03 /* WeatherServiceTests.swift */,
				AA000000000000000000TF04 /* AppControllerTests.swift */,
				AA000000000000000000TF05 /* AstroModelsTests.swift */,
				AA000000000000000000TF06 /* ViewModelTestSupport.swift */,
				AA000000000000000000TF16 /* AstroPhotoCalculatorTests.swift */,
				AA000000000000000000TF07 /* StarMapViewModelTests.swift */,
				AA000000000000000000TF08 /* LocationControllerTests.swift */,
				AA000000000000000000TF10 /* SidebarViewModelTests.swift */,
				AA000000000000000000TF11 /* MapKitSharedLogicTests.swift */,
				AA000000000000000000TF12 /* DetailPresentationViewModelTests.swift */,
				AA000000000000000000TF13 /* UpcomingNightsGridViewModelTests.swift */,
				AA000000000000000000TF14 /* SearchResultsLayoutTests.swift */,
				AA000000000000000000TF15 /* CalendarViewTests.swift */,
				0C21A9833046DD44B1100A13 /* ComparisonControllerTests.swift */,
				E9018ABBBB27AE209C8B4401 /* FavoriteLocationTests.swift */,
			);
			path = NightScopeTests;
			sourceTree = "<group>";
		};
		AA000000000000000000GR08 /* ViewModels */ = {
			isa = PBXGroup;
			children = (
				AA0000000000000000003F01 /* DetailViewModel.swift */,
				AA0000000000000000003F02 /* SidebarViewModel.swift */,
				AA0000000000000000003F03 /* UpcomingNightsGridViewModel.swift */,
				AA0000000000000000003F04 /* StarGazingIndexCardViewModel.swift */,
				AA0000000000000000003F05 /* NightWeatherCardViewModel.swift */,
				AA0000000000000000003F06 /* DarkTimeCardViewModel.swift */,
				AA0000000000000000003F07 /* ViewingWindowsSectionViewModel.swift */,
				AA0000000000000000004F13 /* AstroPhotoCalculatorViewModel.swift */,
				BB0000000000000000003F08 /* StarMapViewModel.swift */,
				BB0000000000000000003F09 /* StarMapPresentation.swift */,
				BB0000000000000000003F0B /* StarMapDateLogic.swift */,
				BB0000000000000000003F0C /* StarMapComputation.swift */,
			);
			path = ViewModels;
			sourceTree = "<group>";
		};
		BB0000000000000000008G01 /* Data */ = {
			isa = PBXGroup;
			children = (
				BB0000000000000000003F01 /* stars_fill.json */,
				BB0000000000000000007F01 /* constellations_iau.json */,
				BB0000000000000000003F02 /* bortle_map.bin */,
				BB0000000000000000006F01 /* elevation_japan.bin.z */,
				BB0000000000000000006F02 /* elevation_global.bin.z */,
			);
			path = Data;
			sourceTree = "<group>";
		};
		CD622108FA6D46FF6BD86D3D /* Frameworks */ = {
			isa = PBXGroup;
			children = (
				12EE193277029D9DD2D591EA /* iOS */,
			);
			name = Frameworks;
			sourceTree = "<group>";
		};
		ED567DB71258EB139EE02CA1 /* Components */ = {
			isa = PBXGroup;
			children = (
				94893EBD94DD9539C7C86561 /* iOSNightCardRow.swift */,
				D0E51B35725701CA2DB51488 /* iOSMapView.swift */,
				CC0000000000000000001A01 /* iOSCompassCalibrationView.swift */,
				BB0000000000000000004F10 /* iOSTabHeaderView.swift */,
			);
			path = Components;
			sourceTree = "<group>";
		};
/* End PBXGroup section */

/* Begin PBXNativeTarget section */
		1CFF0A5F464B1B377F40013C /* NightScopeiOS */ = {
			isa = PBXNativeTarget;
			buildConfigurationList = 17CA2D4C60F6BC7506316506 /* Build configuration list for PBXNativeTarget "NightScopeiOS" */;
			buildPhases = (
				5D44E4C3FA2EC7B78CBBCCDE /* Sources */,
				E87CC5054B2DC7187AD95589 /* Frameworks */,
				1B155D1E1AE761E6E60E258F /* Resources */,
			);
			buildRules = (
			);
			dependencies = (
			);
			name = NightScopeiOS;
			productName = NightScopeiOS;
			productReference = 7E945580091B1E2051F32062 /* NightStarScope.app */;
			productType = "com.apple.product-type.application";
		};
		AA000000000000000000TG01 /* NightScope */ = {
			isa = PBXNativeTarget;
			buildConfigurationList = AA000000000000000000CL02 /* Build configuration list for PBXNativeTarget "NightScope" */;
			buildPhases = (
				AA000000000000000000SP01 /* Sources */,
				AA000000000000000000FP01 /* Frameworks */,
				AA000000000000000000RP01 /* Resources */,
			);
			buildRules = (
			);
			dependencies = (
			);
			name = NightScope;
			productName = NightScope;
			productReference = AA0000000000000000001F08 /* NightStarScope.app */;
			productType = "com.apple.product-type.application";
		};
		AA000000000000000000TG02 /* NightScopeTests */ = {
			isa = PBXNativeTarget;
			buildConfigurationList = AA000000000000000000CL03 /* Build configuration list for PBXNativeTarget "NightScopeTests" */;
			buildPhases = (
				AA000000000000000000SP02 /* Sources */,
				AA000000000000000000FP02 /* Frameworks */,
			);
			buildRules = (
			);
			dependencies = (
				AA000000000000000000DP01 /* PBXTargetDependency */,
			);
			name = NightScopeTests;
			productName = NightScopeTests;
			productReference = AA000000000000000000TF09 /* NightScopeTests.xctest */;
			productType = "com.apple.product-type.bundle.unit-test";
		};
/* End PBXNativeTarget section */

/* Begin PBXProject section */
		AA000000000000000000PJ01 /* Project object */ = {
			isa = PBXProject;
			attributes = {
				BuildIndependentTargetsInParallel = 1;
				LastSwiftUpdateCheck = 1500;
				LastUpgradeCheck = 2630;
				TargetAttributes = {
					AA000000000000000000TG01 = {
						CreatedOnToolsVersion = 15.0;
					};
					AA000000000000000000TG02 = {
						CreatedOnToolsVersion = 15.0;
						TestTargetID = AA000000000000000000TG01;
					};
				};
			};
			buildConfigurationList = AA000000000000000000CL01 /* Build configuration list for PBXProject "NightScope" */;
			compatibilityVersion = "Xcode 14.0";
			developmentRegion = ja;
			hasScannedForEncodings = 0;
			knownRegions = (
				ja,
				en,
				Base,
			);
			mainGroup = AA000000000000000000GR01;
			productRefGroup = AA000000000000000000GR03 /* Products */;
			projectDirPath = "";
			projectRoot = "";
			targets = (
				AA000000000000000000TG01 /* NightScope */,
				1CFF0A5F464B1B377F40013C /* NightScopeiOS */,
				AA000000000000000000TG02 /* NightScopeTests */,
			);
		};
/* End PBXProject section */

/* Begin PBXResourcesBuildPhase section */
		1B155D1E1AE761E6E60E258F /* Resources */ = {
			isa = PBXResourcesBuildPhase;
			buildActionMask = 2147483647;
			files = (
				A0F100000000000000000006 /* Localizable.xcstrings in Resources */,
				BB0000000000000000003B02 /* stars_fill.json in Resources */,
				BB0000000000000000007B02 /* constellations_iau.json in Resources */,
				BB0000000000000000003B04 /* bortle_map.bin in Resources */,
				BB0000000000000000006B02 /* elevation_japan.bin.z in Resources */,
				BB0000000000000000006B04 /* elevation_global.bin.z in Resources */,
				7E100000000000000000IC01 /* NightScope.icon in Resources */,
				824FD5CAFE4F9BD597800662 /* Assets.xcassets in Resources */,
				6D4A1F7B2E9C4100A1B2C3D5 /* PrivacyInfo.xcprivacy in Resources */,
			);
			runOnlyForDeploymentPostprocessing = 0;
		};
		AA000000000000000000RP01 /* Resources */ = {
			isa = PBXResourcesBuildPhase;
			buildActionMask = 2147483647;
			files = (
				A0F100000000000000000005 /* Localizable.xcstrings in Resources */,
				BB0000000000000000003B01 /* stars_fill.json in Resources */,
				BB0000000000000000007B01 /* constellations_iau.json in Resources */,
				BB0000000000000000003B03 /* bortle_map.bin in Resources */,
				BB0000000000000000006B01 /* elevation_japan.bin.z in Resources */,
				BB0000000000000000006B03 /* elevation_global.bin.z in Resources */,
				6CFBFDEB2F78B7080018A9E5 /* NightScope.icon in Resources */,
				AA0000000000000000001B05 /* Assets.xcassets in Resources */,
				6D4A1F7B2E9C4100A1B2C3D4 /* PrivacyInfo.xcprivacy in Resources */,
			);
			runOnlyForDeploymentPostprocessing = 0;
		};
/* End PBXResourcesBuildPhase section */

/* Begin PBXSourcesBuildPhase section */
		5D44E4C3FA2EC7B78CBBCCDE /* Sources */ = {
			isa = PBXSourcesBuildPhase;
			buildActionMask = 2147483647;
			files = (
				D75EF08B6B443B5D2CE817E5 /* NightScopeiOSApp.swift in Sources */,
				CAE750591596DC8A81611119 /* iOSRootView.swift in Sources */,
				A0F100000000000000000003 /* Localization.swift in Sources */,
				BB0000000000000000005B07 /* iOSDesignTokens.swift in Sources */,
				E1A0B1000000000000000002 /* iOSPreviewSupport.swift in Sources */,
				91F8C0F8D6AA500B2E697662 /* iOSTodayView.swift in Sources */,
				12716A5CFA05D4A9733EB7C0 /* iOSForecastView.swift in Sources */,
				C3624AC873043476C6CD9CD9 /* iOSLocationView.swift in Sources */,
				1A2B3C4D5E6F708192A3B4C5 /* iOSStarMapSupport.swift in Sources */,
				CC0000000000000000002A01 /* iOSCompassCalibrationView.swift in Sources */,
				BB0000000000000000005B10 /* iOSTabHeaderView.swift in Sources */,
				E60A49CD1BC946E763B3AAC6 /* iOSNightCardRow.swift in Sources */,
				29624CDBDF973E033D5A20FC /* iOSMapView.swift in Sources */,
				726077AD15C19C005AB769DB /* AstroModels.swift in Sources */,
				AA0000000000000000004B01 /* AstroPhotoCalculator.swift in Sources */,
				AA0000000000000000004B03 /* AstroPhotoSettings.swift in Sources */,
				AA0000000000000000004B06 /* AstroPhotoCalculatorViewModel.swift in Sources */,
				AA0000000000000000004B07 /* AstroPhotoCalculatorView.swift in Sources */,
				7BA722D255FEC71D78109ED2 /* WeatherModels.swift in Sources */,
				8A2E00716A7CF7F2FBDBA8C9 /* StarGazingIndex.swift in Sources */,
				14E29A763046C8DBB1100A01 /* ObservationMode.swift in Sources */,
				14E29A763046C8DBB1100A02 /* StarGazingIndex+Mode.swift in Sources */,
				A1B2C3D4E5F60718293A4B01 /* GeoStateValidator.swift in Sources */,
				6C1674E92F8E7B7500AF040A /* ObservationTimeZone.swift in Sources */,
				8386FEB6D2C20C41B5B5B4F8 /* AppController.swift in Sources */,
				AA0000000000000000003B09 /* AppRootDependencies.swift in Sources */,
				AA0000000000000000003B10 /* WeatherServiceSupport.swift in Sources */,
				7084008268A492409EA18561 /* MilkyWayCalculator.swift in Sources */,
				DDDBBCFA5705F923909101C5 /* NightCalculationService.swift in Sources */,
				AEF100000000000000000021 /* WeatherKitService.swift in Sources */,
				AEF100000000000000000022 /* WeatherKitServiceSupport.swift in Sources */,
				DDB100000000000000002008 /* ComparisonMatrix.swift in Sources */,
				DDB100000000000000002009 /* ComparisonController.swift in Sources */,
				DDB100000000000000002002 /* DashboardCommandBridge.swift in Sources */,
				BD26966CB632FA724659667D /* LightPollutionService.swift in Sources */,
				C71CDD3E6ABE68E1AA626B3E /* LocationController.swift in Sources */,
				C71CDD3E6ABE68E1AA626B3F /* LocationControllerSupport.swift in Sources */,
				2F634825E4145753F51108E9 /* DetailViewModel.swift in Sources */,
				6FC7FC5F38B1C25572A8CC78 /* SidebarViewModel.swift in Sources */,
				E5011838AEAE02853D1BF0E3 /* NightWeatherCardViewModel.swift in Sources */,
				6D8978B603E8F74BD3DF79C9 /* DarkTimeCardViewModel.swift in Sources */,
				A2A2D85F57CA69E8B6B666EB /* ViewingWindowsSectionViewModel.swift in Sources */,
				00162992377780D5DE3995BD /* UpcomingNightsGridViewModel.swift in Sources */,
				B66ECDD7AD401F013891BF8E /* StarGazingIndexCardViewModel.swift in Sources */,
				78F344DDA7638AEE2C53BABF /* UIConstants.swift in Sources */,
				FCBBDF3EB1CA5D5B3BE17896 /* CalendarView.swift in Sources */,
				983D7E6CD2271870DD1E8E6D /* StarGazingIndexCard.swift in Sources */,
				6ECB4F746F4502FCE2C97515 /* DarkTimeCard.swift in Sources */,
				E28982699FDE76BC460B3CE0 /* WeatherCard.swift in Sources */,
				F6CD4B6B293C9471C424C02A /* MoonPhaseCard.swift in Sources */,
				477B2E3CB5355CA1BA5757D3 /* ViewingWindowsSection.swift in Sources */,
				FC01B28AAAA3D24EA5E24686 /* UpcomingNightsGrid.swift in Sources */,
				54A5C1BEDE1E30CC826A7F87 /* SettingsView.swift in Sources */,
				6444E5ACCDE32CC8CFC28AF6 /* MapTileOverlay.swift in Sources */,
				F1A2B3C4D5E6F708192A3B01 /* MapKitViewSharedLogic.swift in Sources */,
				BB0000000000000000005B01 /* StarCatalog.swift in Sources */,
				BB0000000000000000005B09 /* StarDisplayDensity.swift in Sources */,
				D1A100000000000000000003 /* StarMapDisplaySettings.swift in Sources */,
				BB0000000000000000005B02 /* StarMapViewModel.swift in Sources */,
				BB0000000000000000005B08 /* StarMapPresentation.swift in Sources */,
				BB0000000000000000005B03 /* StarMapCanvasView.swift in Sources */,
				BB0000000000000000005B11 /* StarMapDateLogic.swift in Sources */,
				BB0000000000000000005B12 /* StarMapComputation.swift in Sources */,
				BB0000000000000000005B13 /* StarMapCanvasOverlays.swift in Sources */,
				E2B700000000000000000003 /* ObservationHeatBarView.swift in Sources */,
				BB0000000000000000005B04 /* iOSStarMapView.swift in Sources */,
				BB0000000000000000005B05 /* ConstellationData.swift in Sources */,
				BB0000000000000000005B06 /* MeteorShowerData.swift in Sources */,
				CC0000000000000000B12101 /* TerrainProfile.swift in Sources */,
				CC0000000000000000B12102 /* TerrainService.swift in Sources */,
				05B006658CE59CC2B7E60657 /* FavoriteLocation.swift in Sources */,
				CDE0B61ACA19A82237AAC59A /* FavoriteLocationStore.swift in Sources */,
				D1A100000000000000000006 /* StarMapDisplaySettingsSection.swift in Sources */,
			);
			runOnlyForDeploymentPostprocessing = 0;
		};
		AA000000000000000000SP01 /* Sources */ = {
			isa = PBXSourcesBuildPhase;
			buildActionMask = 2147483647;
			files = (
				6C1674E82F8E7B7500AF040A /* ObservationTimeZone.swift in Sources */,
				AA0000000000000000001B01 /* NightScopeApp.swift in Sources */,
				A0F100000000000000000002 /* Localization.swift in Sources */,
				6C18B7702F791309007949F3 /* SettingsView.swift in Sources */,
				AA0000000000000000001B03 /* MilkyWayCalculator.swift in Sources */,
				AA0000000000000000004B02 /* AstroPhotoCalculator.swift in Sources */,
				AA0000000000000000002B01 /* AstroModels.swift in Sources */,
				AA0000000000000000004B04 /* AstroPhotoSettings.swift in Sources */,
				AA0000000000000000004B05 /* AstroPhotoCalculatorViewModel.swift in Sources */,
				AA0000000000000000004B08 /* AstroPhotoCalculatorView.swift in Sources */,
				AA0000000000000000002B02 /* WeatherModels.swift in Sources */,
				6CD4ED0F2F83B99000ECC17B /* MapTileOverlay.swift in Sources */,
				F1A2B3C4D5E6F708192A3B02 /* MapKitViewSharedLogic.swift in Sources */,
				AA0000000000000000002B03 /* StarGazingIndex.swift in Sources */,
				AA9B7CDA3046C922B1100A01 /* ObservationMode.swift in Sources */,
				AA9B7CDA3046C922B1100A02 /* StarGazingIndex+Mode.swift in Sources */,
				A1B2C3D4E5F60718293A4B02 /* GeoStateValidator.swift in Sources */,
				AA0000000000000000002B04 /* AppController.swift in Sources */,
				AA0000000000000000002B26 /* AppRootDependencies.swift in Sources */,
				AA0000000000000000002B05 /* LocationController.swift in Sources */,
				AA0000000000000000002B29 /* LocationControllerSupport.swift in Sources */,
				AA0000000000000000002B27 /* WeatherServiceSupport.swift in Sources */,
				AEF100000000000000000011 /* WeatherKitService.swift in Sources */,
				AEF100000000000000000012 /* WeatherKitServiceSupport.swift in Sources */,
				DDB100000000000000002005 /* MapSnapshotCache.swift in Sources */,
				DDB100000000000000002003 /* DashboardViewModel.swift in Sources */,
				DDB100000000000000002011 /* DashboardSearchController.swift in Sources */,
				DDB100000000000000002001 /* DashboardCommandBridge.swift in Sources */,
				DDB10000000000000000200A /* DashboardLocationCard.swift in Sources */,
				DDB10000000000000000200B /* DashboardLocationPickerSheet.swift in Sources */,
				DDB10000000000000000200D /* DashboardSearchSheet.swift in Sources */,
				DDB10000000000000000200C /* DashboardWindowView.swift in Sources */,
				AA0000000000000000002B18 /* NightCalculationService.swift in Sources */,
				0C21A9833046DD44B1100A02 /* ComparisonController.swift in Sources */,
				AA0000000000000000002B12 /* LightPollutionService.swift in Sources */,
				AA0000000000000000002B07 /* ContentView.swift in Sources */,
				AA0000000000000000002B08 /* SidebarView.swift in Sources */,
				AA0000000000000000002B09 /* DetailView.swift in Sources */,
				AA0000000000000000002B13 /* StarGazingIndexCard.swift in Sources */,
				AA0000000000000000002B14 /* MoonPhaseCard.swift in Sources */,
				AA0000000000000000002B20 /* DarkTimeCard.swift in Sources */,
				AA0000000000000000002B15 /* WeatherCard.swift in Sources */,
				AA0000000000000000002B16 /* ViewingWindowsSection.swift in Sources */,
				AA0000000000000000002B17 /* UpcomingNightsGrid.swift in Sources */,
				D1A100000000000000000005 /* StarMapDisplaySettingsSection.swift in Sources */,
				E2B700000000000000000002 /* ObservationHeatBarView.swift in Sources */,
				AA0000000000000000002B19 /* UIConstants.swift in Sources */,
				AA0000000000000000002B10 /* CalendarView.swift in Sources */,
				AA0000000000000000002B11 /* MapLocationPicker.swift in Sources */,
				AA0000000000000000003B01 /* DetailViewModel.swift in Sources */,
				AA0000000000000000003B02 /* SidebarViewModel.swift in Sources */,
				AA0000000000000000003B03 /* UpcomingNightsGridViewModel.swift in Sources */,
				AA0000000000000000003B04 /* StarGazingIndexCardViewModel.swift in Sources */,
				AA0000000000000000003B05 /* NightWeatherCardViewModel.swift in Sources */,
				AA0000000000000000003B06 /* DarkTimeCardViewModel.swift in Sources */,
				AA0000000000000000003B07 /* ViewingWindowsSectionViewModel.swift in Sources */,
				BB0000000000000000002B21 /* StarCatalog.swift in Sources */,
				BB0000000000000000002B2A /* StarDisplayDensity.swift in Sources */,
				D1A100000000000000000002 /* StarMapDisplaySettings.swift in Sources */,
				BB0000000000000000003B08 /* StarMapViewModel.swift in Sources */,
				BB0000000000000000002B28 /* StarMapPresentation.swift in Sources */,
				BB0000000000000000002B22 /* StarMapCanvasView.swift in Sources */,
				BB0000000000000000002B30 /* StarMapDateLogic.swift in Sources */,
				BB0000000000000000002B31 /* StarMapComputation.swift in Sources */,
				BB0000000000000000002B32 /* StarMapCanvasOverlays.swift in Sources */,
				BB0000000000000000002B23 /* ConstellationData.swift in Sources */,
				BB0000000000000000002B25 /* MeteorShowerData.swift in Sources */,
				BB0000000000000000002B24 /* StarInfoMacView.swift in Sources */,
				AA0000000000000000002B21 /* TerrainProfile.swift in Sources */,
				AA0000000000000000002B22 /* TerrainService.swift in Sources */,
				0C21A9833046DD44B1100A01 /* ComparisonMatrix.swift in Sources */,
				78BC796E939B65C3054D3651 /* FavoriteLocation.swift in Sources */,
				4F871C5177B328F9DFC5EEAA /* FavoriteLocationStore.swift in Sources */,
			);
			runOnlyForDeploymentPostprocessing = 0;
		};
		AA000000000000000000SP02 /* Sources */ = {
			isa = PBXSourcesBuildPhase;
			buildActionMask = 2147483647;
			files = (
				AA000000000000000000TB01 /* MilkyWayCalculatorTests.swift in Sources */,
				AA000000000000000000TB02 /* StarGazingIndexTests.swift in Sources */,
				AA000000000000000000TB03 /* WeatherServiceTests.swift in Sources */,
				AA000000000000000000TB04 /* AppControllerTests.swift in Sources */,
				AA000000000000000000TB05 /* AstroModelsTests.swift in Sources */,
				AA000000000000000000TB06 /* ViewModelTestSupport.swift in Sources */,
				AA000000000000000000TB16 /* AstroPhotoCalculatorTests.swift in Sources */,
				AA000000000000000000TB07 /* StarMapViewModelTests.swift in Sources */,
				AA000000000000000000TB08 /* LocationControllerTests.swift in Sources */,
				AA000000000000000000TB10 /* SidebarViewModelTests.swift in Sources */,
				AA000000000000000000TB11 /* MapKitSharedLogicTests.swift in Sources */,
				AA000000000000000000TB12 /* DetailPresentationViewModelTests.swift in Sources */,
				AA000000000000000000TB13 /* UpcomingNightsGridViewModelTests.swift in Sources */,
				AA000000000000000000TB14 /* SearchResultsLayoutTests.swift in Sources */,
				AA000000000000000000TB15 /* CalendarViewTests.swift in Sources */,
				0C21A9833046DD44B1100A03 /* ComparisonControllerTests.swift in Sources */,
				DDB100000000000000002007 /* DashboardViewModelTests.swift in Sources */,
				E2B1BBFAE453C3FC09374E13 /* FavoriteLocationTests.swift in Sources */,
			);
			runOnlyForDeploymentPostprocessing = 0;
		};
/* End PBXSourcesBuildPhase section */

/* Begin PBXTargetDependency section */
		AA000000000000000000DP01 /* PBXTargetDependency */ = {
			isa = PBXTargetDependency;
			target = AA000000000000000000TG01 /* NightScope */;
			targetProxy = AA000000000000000000CP01 /* PBXContainerItemProxy */;
		};
/* End PBXTargetDependency section */

/* Begin XCBuildConfiguration section */
		79B6B8A18051A5474AF4B244 /* Debug */ = {
			isa = XCBuildConfiguration;
			buildSettings = {
				ASSETCATALOG_COMPILER_APPICON_NAME = NightScope;
				ASSETCATALOG_COMPILER_GLOBAL_ACCENT_COLOR_NAME = AccentColor;
				ASSETCATALOG_COMPILER_INCLUDE_ALL_APPICON_ASSETS = YES;
				CLANG_ENABLE_OBJC_WEAK = NO;
				CODE_SIGN_ENTITLEMENTS = NightScopeiOS/NightScopeiOS.entitlements;
				CURRENT_PROJECT_VERSION = 1;
				DEVELOPMENT_TEAM = 235777R328;
				GENERATE_INFOPLIST_FILE = YES;
				INFOPLIST_KEY_CFBundleDisplayName = NightStarScope;
				INFOPLIST_KEY_ITSAppUsesNonExemptEncryption = NO;
				INFOPLIST_KEY_LSApplicationCategoryType = "public.app-category.utilities";
				INFOPLIST_KEY_NSCameraUsageDescription = "実際の空と星図を重ねて表示するためにカメラを使用します。";
				INFOPLIST_KEY_NSLocationWhenInUseUsageDescription = "現在地の星空を表示するために位置情報を使用します。";
				INFOPLIST_KEY_NSMotionUsageDescription = "ジャイロスコープを使ってスマートフォンを向けた方角の星空を表示します。";
				INFOPLIST_KEY_UILaunchScreen_Generation = YES;
				INFOPLIST_KEY_UISupportedInterfaceOrientations_iPad = "UIInterfaceOrientationPortrait UIInterfaceOrientationLandscapeLeft UIInterfaceOrientationLandscapeRight";
				INFOPLIST_KEY_UISupportedInterfaceOrientations_iPhone = UIInterfaceOrientationPortrait;
				IPHONEOS_DEPLOYMENT_TARGET = 18.0;
				LD_RUNPATH_SEARCH_PATHS = (
					"$(inherited)",
					"@executable_path/Frameworks",
				);
				MARKETING_VERSION = 1.0;
				ONLY_ACTIVE_ARCH = NO;
				PRODUCT_BUNDLE_IDENTIFIER = com.kleon.NightScopeiOS;
				PRODUCT_NAME = NightStarScope;
				SDKROOT = iphoneos;
				SUPPORTED_PLATFORMS = "iphoneos iphonesimulator";
				SUPPORTS_MACCATALYST = NO;
				SUPPORTS_MAC_DESIGNED_FOR_IPHONE_IPAD = NO;
				SUPPORTS_XR_DESIGNED_FOR_IPHONE_IPAD = NO;
				SWIFT_STRICT_CONCURRENCY = complete;
				SWIFT_VERSION = 6.0;
				TARGETED_DEVICE_FAMILY = 1;
			};
			name = Debug;
		};
		9879B32CBD0398BCEB41C46D /* Release */ = {
			isa = XCBuildConfiguration;
			buildSettings = {
				ASSETCATALOG_COMPILER_APPICON_NAME = NightScope;
				ASSETCATALOG_COMPILER_GLOBAL_ACCENT_COLOR_NAME = AccentColor;
				ASSETCATALOG_COMPILER_INCLUDE_ALL_APPICON_ASSETS = YES;
				CLANG_ENABLE_OBJC_WEAK = NO;
				CODE_SIGN_ENTITLEMENTS = NightScopeiOS/NightScopeiOS.entitlements;
				CURRENT_PROJECT_VERSION = 1;
				DEVELOPMENT_TEAM = 235777R328;
				GENERATE_INFOPLIST_FILE = YES;
				INFOPLIST_KEY_CFBundleDisplayName = NightStarScope;
				INFOPLIST_KEY_ITSAppUsesNonExemptEncryption = NO;
				INFOPLIST_KEY_LSApplicationCategoryType = "public.app-category.utilities";
				INFOPLIST_KEY_NSCameraUsageDescription = "実際の空と星図を重ねて表示するためにカメラを使用します。";
				INFOPLIST_KEY_NSLocationWhenInUseUsageDescription = "現在地の星空を表示するために位置情報を使用します。";
				INFOPLIST_KEY_NSMotionUsageDescription = "ジャイロスコープを使ってスマートフォンを向けた方角の星空を表示します。";
				INFOPLIST_KEY_UILaunchScreen_Generation = YES;
				INFOPLIST_KEY_UISupportedInterfaceOrientations_iPad = "UIInterfaceOrientationPortrait UIInterfaceOrientationLandscapeLeft UIInterfaceOrientationLandscapeRight";
				INFOPLIST_KEY_UISupportedInterfaceOrientations_iPhone = UIInterfaceOrientationPortrait;
				IPHONEOS_DEPLOYMENT_TARGET = 18.0;
				LD_RUNPATH_SEARCH_PATHS = (
					"$(inherited)",
					"@executable_path/Frameworks",
				);
				MARKETING_VERSION = 1.0;
				PRODUCT_BUNDLE_IDENTIFIER = com.kleon.NightScopeiOS;
				PRODUCT_NAME = NightStarScope;
				SDKROOT = iphoneos;
				SUPPORTED_PLATFORMS = "iphoneos iphonesimulator";
				SUPPORTS_MACCATALYST = NO;
				SUPPORTS_MAC_DESIGNED_FOR_IPHONE_IPAD = NO;
				SUPPORTS_XR_DESIGNED_FOR_IPHONE_IPAD = NO;
				SWIFT_STRICT_CONCURRENCY = complete;
				SWIFT_VERSION = 6.0;
				TARGETED_DEVICE_FAMILY = 1;
				VALIDATE_PRODUCT = YES;
			};
			name = Release;
		};
		AA000000000000000000BC01 /* Debug */ = {
			isa = XCBuildConfiguration;
			buildSettings = {
				ALWAYS_SEARCH_USER_PATHS = NO;
				ASSETCATALOG_COMPILER_GENERATE_SWIFT_ASSET_SYMBOL_EXTENSIONS = YES;
				CLANG_ANALYZER_LOCALIZABILITY_NONLOCALIZED = YES;
				CLANG_ANALYZER_NONNULL = YES;
				CLANG_ANALYZER_NUMBER_OBJECT_CONVERSION = YES_AGGRESSIVE;
				CLANG_CXX_LANGUAGE_STANDARD = "gnu++20";
				CLANG_ENABLE_MODULES = YES;
				CLANG_ENABLE_OBJC_ARC = YES;
				CLANG_ENABLE_OBJC_WEAK = YES;
				CLANG_WARN_BLOCK_CAPTURE_AUTORELEASING = YES;
				CLANG_WARN_BOOL_CONVERSION = YES;
				CLANG_WARN_COMMA = YES;
				CLANG_WARN_CONSTANT_CONVERSION = YES;
				CLANG_WARN_DEPRECATED_OBJC_IMPLEMENTATIONS = YES;
				CLANG_WARN_DIRECT_OBJC_ISA_USAGE = YES_ERROR;
				CLANG_WARN_DOCUMENTATION_COMMENTS = YES;
				CLANG_WARN_EMPTY_BODY = YES;
				CLANG_WARN_ENUM_CONVERSION = YES;
				CLANG_WARN_INFINITE_RECURSION = YES;
				CLANG_WARN_INT_CONVERSION = YES;
				CLANG_WARN_NON_LITERAL_NULL_CONVERSION = YES;
				CLANG_WARN_OBJC_IMPLICIT_RETAIN_CYCLE = YES;
				CLANG_WARN_OBJC_IMPLICIT_RETAIN_SELF = YES;
				CLANG_WARN_OBJC_LITERAL_CONVERSION = YES;
				CLANG_WARN_OBJC_ROOT_CLASS = YES_ERROR;
				CLANG_WARN_QUOTED_INCLUDE_IN_FRAMEWORK_HEADER = YES;
				CLANG_WARN_RANGE_LOOP_ANALYSIS = YES;
				CLANG_WARN_STRICT_PROTOTYPES = YES;
				CLANG_WARN_SUSPICIOUS_MOVE = YES;
				CLANG_WARN_UNGUARDED_AVAILABILITY = YES_AGGRESSIVE;
				CLANG_WARN_UNREACHABLE_CODE = YES;
				CLANG_WARN__DUPLICATE_METHOD_MATCH = YES;
				COPY_PHASE_STRIP = NO;
				DEAD_CODE_STRIPPING = YES;
				DEBUG_INFORMATION_FORMAT = dwarf;
				ENABLE_STRICT_OBJC_MSGSEND = YES;
				ENABLE_TESTABILITY = YES;
				ENABLE_USER_SCRIPT_SANDBOXING = YES;
				GCC_C_LANGUAGE_STANDARD = gnu17;
				GCC_DYNAMIC_NO_PIC = NO;
				GCC_NO_COMMON_BLOCKS = YES;
				GCC_OPTIMIZATION_LEVEL = 0;
				GCC_PREPROCESSOR_DEFINITIONS = (
					"DEBUG=1",
					"$(inherited)",
				);
				GCC_WARN_64_TO_32_BIT_CONVERSION = YES;
				GCC_WARN_ABOUT_RETURN_TYPE = YES_ERROR;
				GCC_WARN_UNDECLARED_SELECTOR = YES;
				GCC_WARN_UNINITIALIZED_AUTOS = YES_AGGRESSIVE;
				GCC_WARN_UNUSED_FUNCTION = YES;
				GCC_WARN_UNUSED_VARIABLE = YES;
				LOCALIZATION_PREFERS_STRING_CATALOGS = YES;
				MACOSX_DEPLOYMENT_TARGET = 15.0;
				MTL_ENABLE_DEBUG_INFO = INCLUDE_SOURCE;
				MTL_FAST_MATH = YES;
				ONLY_ACTIVE_ARCH = YES;
				SDKROOT = macosx;
				STRING_CATALOG_GENERATE_SYMBOLS = YES;
				SWIFT_ACTIVE_COMPILATION_CONDITIONS = DEBUG;
				SWIFT_OPTIMIZATION_LEVEL = "-Onone";
			};
			name = Debug;
		};
		AA000000000000000000BC02 /* Release */ = {
			isa = XCBuildConfiguration;
			buildSettings = {
				ALWAYS_SEARCH_USER_PATHS = NO;
				ASSETCATALOG_COMPILER_GENERATE_SWIFT_ASSET_SYMBOL_EXTENSIONS = YES;
				CLANG_ANALYZER_LOCALIZABILITY_NONLOCALIZED = YES;
				CLANG_ANALYZER_NONNULL = YES;
				CLANG_ANALYZER_NUMBER_OBJECT_CONVERSION = YES_AGGRESSIVE;
				CLANG_CXX_LANGUAGE_STANDARD = "gnu++20";
				CLANG_ENABLE_MODULES = YES;
				CLANG_ENABLE_OBJC_ARC = YES;
				CLANG_ENABLE_OBJC_WEAK = YES;
				CLANG_WARN_BLOCK_CAPTURE_AUTORELEASING = YES;
				CLANG_WARN_BOOL_CONVERSION = YES;
				CLANG_WARN_COMMA = YES;
				CLANG_WARN_CONSTANT_CONVERSION = YES;
				CLANG_WARN_DEPRECATED_OBJC_IMPLEMENTATIONS = YES;
				CLANG_WARN_DIRECT_OBJC_ISA_USAGE = YES_ERROR;
				CLANG_WARN_DOCUMENTATION_COMMENTS = YES;
				CLANG_WARN_EMPTY_BODY = YES;
				CLANG_WARN_ENUM_CONVERSION = YES;
				CLANG_WARN_INFINITE_RECURSION = YES;
				CLANG_WARN_INT_CONVERSION = YES;
				CLANG_WARN_NON_LITERAL_NULL_CONVERSION = YES;
				CLANG_WARN_OBJC_IMPLICIT_RETAIN_CYCLE = YES;
				CLANG_WARN_OBJC_IMPLICIT_RETAIN_SELF = YES;
				CLANG_WARN_OBJC_LITERAL_CONVERSION = YES;
				CLANG_WARN_OBJC_ROOT_CLASS = YES_ERROR;
				CLANG_WARN_QUOTED_INCLUDE_IN_FRAMEWORK_HEADER = YES;
				CLANG_WARN_RANGE_LOOP_ANALYSIS = YES;
				CLANG_WARN_STRICT_PROTOTYPES = YES;
				CLANG_WARN_SUSPICIOUS_MOVE = YES;
				CLANG_WARN_UNGUARDED_AVAILABILITY = YES_AGGRESSIVE;
				CLANG_WARN_UNREACHABLE_CODE = YES;
				CLANG_WARN__DUPLICATE_METHOD_MATCH = YES;
				COPY_PHASE_STRIP = NO;
				DEAD_CODE_STRIPPING = YES;
				DEBUG_INFORMATION_FORMAT = "dwarf-with-dsym";
				ENABLE_NS_ASSERTIONS = NO;
				ENABLE_STRICT_OBJC_MSGSEND = YES;
				ENABLE_USER_SCRIPT_SANDBOXING = YES;
				GCC_C_LANGUAGE_STANDARD = gnu17;
				GCC_NO_COMMON_BLOCKS = YES;
				GCC_WARN_64_TO_32_BIT_CONVERSION = YES;
				GCC_WARN_ABOUT_RETURN_TYPE = YES_ERROR;
				GCC_WARN_UNDECLARED_SELECTOR = YES;
				GCC_WARN_UNINITIALIZED_AUTOS = YES_AGGRESSIVE;
				GCC_WARN_UNUSED_FUNCTION = YES;
				GCC_WARN_UNUSED_VARIABLE = YES;
				LOCALIZATION_PREFERS_STRING_CATALOGS = YES;
				MACOSX_DEPLOYMENT_TARGET = 15.0;
				MTL_FAST_MATH = YES;
				SDKROOT = macosx;
				STRING_CATALOG_GENERATE_SYMBOLS = YES;
				SWIFT_COMPILATION_MODE = wholemodule;
			};
			name = Release;
		};
		AA000000000000000000BC03 /* Debug */ = {
			isa = XCBuildConfiguration;
			buildSettings = {
				ASSETCATALOG_COMPILER_APPICON_NAME = NightScope;
				ASSETCATALOG_COMPILER_GLOBAL_ACCENT_COLOR_NAME = AccentColor;
				ASSETCATALOG_COMPILER_INCLUDE_ALL_APPICON_ASSETS = YES;
				CODE_SIGN_ENTITLEMENTS = NightScope/NightScope.entitlements;
				"CODE_SIGN_IDENTITY[sdk=macosx*]" = "Apple Development";
				CODE_SIGN_STYLE = Automatic;
				COMBINE_HIDPI_IMAGES = YES;
				CURRENT_PROJECT_VERSION = 1;
				DEAD_CODE_STRIPPING = YES;
				DEVELOPMENT_ASSET_PATHS = "";
				DEVELOPMENT_TEAM = 235777R328;
				ENABLE_APP_SANDBOX = YES;
				ENABLE_OUTGOING_NETWORK_CONNECTIONS = YES;
				ENABLE_PREVIEWS = YES;
				ENABLE_RESOURCE_ACCESS_LOCATION = YES;
				GENERATE_INFOPLIST_FILE = YES;
				INFOPLIST_KEY_CFBundleDisplayName = NightStarScope;
				INFOPLIST_KEY_ITSAppUsesNonExemptEncryption = NO;
				INFOPLIST_KEY_LSApplicationCategoryType = "public.app-category.utilities";
				INFOPLIST_KEY_NSHumanReadableDescription = "天の川の撮影に活用できる天文情報アプリ";
				INFOPLIST_KEY_NSLocationWhenInUseUsageDescription = "現在地の星空を表示するために位置情報を使用します。";
				INFOPLIST_KEY_NSPrincipalClass = NSApplication;
				LD_RUNPATH_SEARCH_PATHS = (
					"$(inherited)",
					"@executable_path/../Frameworks",
				);
				MARKETING_VERSION = 1.0;
				PRODUCT_BUNDLE_IDENTIFIER = com.kleon.NightScope;
				PRODUCT_MODULE_NAME = NightScope;
				PRODUCT_NAME = NightStarScope;
				SWIFT_EMIT_LOC_STRINGS = YES;
				SWIFT_VERSION = 5.0;
			};
			name = Debug;
		};
		AA000000000000000000BC04 /* Release */ = {
			isa = XCBuildConfiguration;
			buildSettings = {
				ASSETCATALOG_COMPILER_APPICON_NAME = NightScope;
				ASSETCATALOG_COMPILER_GLOBAL_ACCENT_COLOR_NAME = AccentColor;
				ASSETCATALOG_COMPILER_INCLUDE_ALL_APPICON_ASSETS = YES;
				CODE_SIGN_ENTITLEMENTS = NightScope/NightScope.entitlements;
				"CODE_SIGN_IDENTITY[sdk=macosx*]" = "Apple Development";
				CODE_SIGN_STYLE = Automatic;
				COMBINE_HIDPI_IMAGES = YES;
				CURRENT_PROJECT_VERSION = 1;
				DEAD_CODE_STRIPPING = YES;
				DEVELOPMENT_ASSET_PATHS = "";
				DEVELOPMENT_TEAM = 235777R328;
				ENABLE_APP_SANDBOX = YES;
				ENABLE_OUTGOING_NETWORK_CONNECTIONS = YES;
				ENABLE_PREVIEWS = YES;
				ENABLE_RESOURCE_ACCESS_LOCATION = YES;
				GENERATE_INFOPLIST_FILE = YES;
				INFOPLIST_KEY_CFBundleDisplayName = NightStarScope;
				INFOPLIST_KEY_ITSAppUsesNonExemptEncryption = NO;
				INFOPLIST_KEY_LSApplicationCategoryType = "public.app-category.utilities";
				INFOPLIST_KEY_NSHumanReadableDescription = "天の川の撮影に活用できる天文情報アプリ";
				INFOPLIST_KEY_NSLocationWhenInUseUsageDescription = "現在地の星空を表示するために位置情報を使用します。";
				INFOPLIST_KEY_NSPrincipalClass = NSApplication;
				LD_RUNPATH_SEARCH_PATHS = (
					"$(inherited)",
					"@executable_path/../Frameworks",
				);
				MARKETING_VERSION = 1.0;
				PRODUCT_BUNDLE_IDENTIFIER = com.kleon.NightScope;
				PRODUCT_MODULE_NAME = NightScope;
				PRODUCT_NAME = NightStarScope;
				SWIFT_EMIT_LOC_STRINGS = YES;
				SWIFT_VERSION = 5.0;
			};
			name = Release;
		};
		AA000000000000000000BC05 /* Debug */ = {
			isa = XCBuildConfiguration;
			buildSettings = {
				BUNDLE_LOADER = "$(TEST_HOST)";
				"CODE_SIGN_IDENTITY[sdk=macosx*]" = "Apple Development";
				CODE_SIGN_STYLE = Automatic;
				CURRENT_PROJECT_VERSION = 1;
				DEVELOPMENT_TEAM = 235777R328;
				GENERATE_INFOPLIST_FILE = YES;
				MACOSX_DEPLOYMENT_TARGET = 15.0;
				MARKETING_VERSION = 1.0;
				PRODUCT_BUNDLE_IDENTIFIER = com.kleon.NightScopeTests;
				PRODUCT_NAME = "$(TARGET_NAME)";
				SDKROOT = macosx;
				SWIFT_EMIT_LOC_STRINGS = NO;
				SWIFT_VERSION = 5.0;
				TEST_HOST = "$(BUILT_PRODUCTS_DIR)/NightStarScope.app/Contents/MacOS/NightStarScope";
			};
			name = Debug;
		};
		AA000000000000000000BC06 /* Release */ = {
			isa = XCBuildConfiguration;
			buildSettings = {
				BUNDLE_LOADER = "$(TEST_HOST)";
				"CODE_SIGN_IDENTITY[sdk=macosx*]" = "Apple Development";
				CODE_SIGN_STYLE = Automatic;
				CURRENT_PROJECT_VERSION = 1;
				DEVELOPMENT_TEAM = 235777R328;
				GENERATE_INFOPLIST_FILE = YES;
				MACOSX_DEPLOYMENT_TARGET = 15.0;
				MARKETING_VERSION = 1.0;
				PRODUCT_BUNDLE_IDENTIFIER = com.kleon.NightScopeTests;
				PRODUCT_NAME = "$(TARGET_NAME)";
				SDKROOT = macosx;
				SWIFT_EMIT_LOC_STRINGS = NO;
				SWIFT_VERSION = 5.0;
				TEST_HOST = "$(BUILT_PRODUCTS_DIR)/NightStarScope.app/Contents/MacOS/NightStarScope";
			};
			name = Release;
		};
/* End XCBuildConfiguration section */

/* Begin XCConfigurationList section */
		17CA2D4C60F6BC7506316506 /* Build configuration list for PBXNativeTarget "NightScopeiOS" */ = {
			isa = XCConfigurationList;
			buildConfigurations = (
				9879B32CBD0398BCEB41C46D /* Release */,
				79B6B8A18051A5474AF4B244 /* Debug */,
			);
			defaultConfigurationIsVisible = 0;
			defaultConfigurationName = Release;
		};
		AA000000000000000000CL01 /* Build configuration list for PBXProject "NightScope" */ = {
			isa = XCConfigurationList;
			buildConfigurations = (
				AA000000000000000000BC01 /* Debug */,
				AA000000000000000000BC02 /* Release */,
			);
			defaultConfigurationIsVisible = 0;
			defaultConfigurationName = Release;
		};
		AA000000000000000000CL02 /* Build configuration list for PBXNativeTarget "NightScope" */ = {
			isa = XCConfigurationList;
			buildConfigurations = (
				AA000000000000000000BC03 /* Debug */,
				AA000000000000000000BC04 /* Release */,
			);
			defaultConfigurationIsVisible = 0;
			defaultConfigurationName = Release;
		};
		AA000000000000000000CL03 /* Build configuration list for PBXNativeTarget "NightScopeTests" */ = {
			isa = XCConfigurationList;
			buildConfigurations = (
				AA000000000000000000BC05 /* Debug */,
				AA000000000000000000BC06 /* Release */,
			);
			defaultConfigurationIsVisible = 0;
			defaultConfigurationName = Release;
		};
/* End XCConfigurationList section */
	};
	rootObject = AA000000000000000000PJ01 /* Project object */;
}
